{
  "version": 4,
  "terraform_version": "1.3.5",
  "serial": 81,
  "lineage": "88c432e5-3c72-0dc7-3ff8-416ea854b320",
  "outputs": {},
  "resources": [
    {
      "mode": "data",
      "type": "google_client_config",
      "name": "default",
      "provider": "provider[\"registry.terraform.io/hashicorp/google\"]",
      "instances": [
        {
          "schema_version": 0,
          "attributes": {
            "access_token": "ya29.a0AX9GBdVGD4nuVOi6PBycyVlgBXaKIJktCnJjOYWp_MAEYHS0NxPxwYmmRsPAJbGbl8cawwB_0vBBzkfwBGwi-S8zqTnhUMenqkCc9yNZnUay86hj7J69VB3-_eU14cBYtoz2IKcYB0c9wWIp4yQeuWSNuhA3-E6GaCgYKAf8SAQASFQHUCsbC6UA2K_fVptFEwkTl2QDiFQ0167",
            "id": "projects/gke-envoy-setup/regions//zones/",
            "project": "gke-envoy-setup",
            "region": "",
            "zone": ""
          },
          "sensitive_attributes": []
        }
      ]
    },
    {
      "mode": "data",
      "type": "google_compute_default_service_account",
      "name": "default",
      "provider": "provider[\"registry.terraform.io/hashicorp/google\"]",
      "instances": [
        {
          "schema_version": 0,
          "attributes": {
            "display_name": "Compute Engine default service account",
            "email": "629996305394-compute@developer.gserviceaccount.com",
            "id": "projects/gke-envoy-setup/serviceAccounts/629996305394-compute@developer.gserviceaccount.com",
            "name": "projects/gke-envoy-setup/serviceAccounts/629996305394-compute@developer.gserviceaccount.com",
            "project": "gke-envoy-setup",
            "unique_id": "117020862069890363676"
          },
          "sensitive_attributes": []
        }
      ]
    },
    {
      "mode": "data",
      "type": "google_compute_network_endpoint_group",
      "name": "gcpneg",
      "provider": "provider[\"registry.terraform.io/hashicorp/google\"]",
      "instances": [
        {
          "schema_version": 0,
          "attributes": {
            "default_port": 0,
            "description": "{\"cluster-uid\":\"c567c464-4740-4f11-b82e-c7369c62df9f\",\"namespace\":\"default\",\"service-name\":\"service-test\",\"port\":\"80\"}",
            "id": "projects/gke-envoy-setup/zones/us-central1-a/networkEndpointGroups/service-test-neg",
            "name": "service-test-neg",
            "network": "https://www.googleapis.com/compute/v1/projects/gke-envoy-setup/global/networks/default",
            "network_endpoint_type": "GCE_VM_IP_PORT",
            "project": "gke-envoy-setup",
            "self_link": "https://www.googleapis.com/compute/v1/projects/gke-envoy-setup/zones/us-central1-a/networkEndpointGroups/service-test-neg",
            "size": 0,
            "subnetwork": "https://www.googleapis.com/compute/v1/projects/gke-envoy-setup/regions/us-central1/subnetworks/default",
            "zone": "https://www.googleapis.com/compute/v1/projects/gke-envoy-setup/zones/us-central1-a"
          },
          "sensitive_attributes": []
        }
      ]
    },
    {
      "mode": "data",
      "type": "google_container_cluster",
      "name": "default",
      "provider": "provider[\"registry.terraform.io/hashicorp/google\"]",
      "instances": [
        {
          "schema_version": 0,
          "attributes": {
            "addons_config": [
              {
                "cloudrun_config": [],
                "dns_cache_config": [],
                "gce_persistent_disk_csi_driver_config": [
                  {
                    "enabled": true
                  }
                ],
                "gcp_filestore_csi_driver_config": [],
                "gke_backup_agent_config": [],
                "horizontal_pod_autoscaling": [],
                "http_load_balancing": [],
                "network_policy_config": [
                  {
                    "disabled": true
                  }
                ]
              }
            ],
            "authenticator_groups_config": [],
            "binary_authorization": [
              {
                "enabled": false,
                "evaluation_mode": ""
              }
            ],
            "cluster_autoscaling": [
              {
                "auto_provisioning_defaults": [],
                "enabled": false,
                "resource_limits": []
              }
            ],
            "cluster_ipv4_cidr": "10.48.0.0/14",
            "confidential_nodes": [],
            "cost_management_config": [],
            "database_encryption": [
              {
                "key_name": "",
                "state": "DECRYPTED"
              }
            ],
            "datapath_provider": "",
            "default_max_pods_per_node": 110,
            "default_snat_status": [
              {
                "disabled": false
              }
            ],
            "description": "",
            "dns_config": [],
            "enable_autopilot": false,
            "enable_binary_authorization": false,
            "enable_intranode_visibility": false,
            "enable_kubernetes_alpha": false,
            "enable_l4_ilb_subsetting": false,
            "enable_legacy_abac": false,
            "enable_shielded_nodes": true,
            "enable_tpu": false,
            "endpoint": "130.211.239.96",
            "gateway_api_config": [],
            "id": "projects/gke-envoy-setup/locations/us-central1-a/clusters/traffic-director-cluster",
            "initial_node_count": 3,
            "ip_allocation_policy": [
              {
                "cluster_ipv4_cidr_block": "10.48.0.0/14",
                "cluster_secondary_range_name": "gke-traffic-director-cluster-pods-0c6b6654",
                "services_ipv4_cidr_block": "10.52.0.0/20",
                "services_secondary_range_name": "gke-traffic-director-cluster-services-0c6b6654"
              }
            ],
            "label_fingerprint": "a9dc16a7",
            "location": "us-central1-a",
            "logging_config": [
              {
                "enable_components": [
                  "SYSTEM_COMPONENTS",
                  "WORKLOADS"
                ]
              }
            ],
            "logging_service": "logging.googleapis.com/kubernetes",
            "maintenance_policy": [],
            "master_auth": [
              {
                "client_certificate": "",
                "client_certificate_config": [
                  {
                    "issue_client_certificate": false
                  }
                ],
                "client_key": "",
                "cluster_ca_certificate": "LS0tLS1CRUdJTiBDRVJUSUZJQ0FURS0tLS0tCk1JSUVMRENDQXBTZ0F3SUJBZ0lRRnpwSEwxTjVkbXI0SFVoMVFuVjNuakFOQmdrcWhraUc5dzBCQVFzRkFEQXYKTVMwd0t3WURWUVFERXlSak1URTROV1U0T1MxbVptWmhMVFJpWW1VdE9EZzRNaTFtWTJZMU1Ea3daV1ZpTUdJdwpJQmNOTWpNd01UQXpNRFkxTWpFMldoZ1BNakExTWpFeU1qWXdOelV5TVRaYU1DOHhMVEFyQmdOVkJBTVRKR014Ck1UZzFaVGc1TFdabVptRXROR0ppWlMwNE9EZ3lMV1pqWmpVd09UQmxaV0l3WWpDQ0FhSXdEUVlKS29aSWh2Y04KQVFFQkJRQURnZ0dQQURDQ0FZb0NnZ0dCQU4rZmtnTlZFMDc2QWlBeTFndnY5UVEvSUhRQWFwbkYrajBwdEIwSgpLeFBsaWxTa05jU2V6RXUwNlYrdFJnbFU0NEI2TkZzNVBzNmh1bU5DOVlic3FVWTk5Tnc3YzFwR2xoay9CdmZxCkJsMjFYMVlPRkxidFdPSHk1TjZPZDUreWJhUVRXeXlkU1JVWDdLTlNpSlA3WWxYN2hkVXA3cFYyenZmWUhlYUoKWHFkT0JFbXNkVS9Yd1hRcE96MnY1YXpQaUsrdDNVellLRzdkSDlUNWVxQmN4MHlxclZLTy9LS1o5MXZoVTB5QwovRVl5K1JyZGpPc216bUJqTThKZ2o1N0lUSzh5WlRPeFIxalBtSUN3aU53cldmbVljTjFVYmdyQlRyaGRwenltCmtPYy9yWGhYUWFtdUF5aFpWSWlDeFhFdWRuOGVZb2xNRklDTzBWZkpBN0NmUk8xUDBCL00zN2ZMQnhWaGlUU3kKaW1XYjREbStEVk9QbklON2xCMDlyMWNlSFo3KzgxTlFxTkV2ZjNFNUxVRXBhK1MyVk8rSmFlMUxrQ3hkbThsagp5aEtJWkhvTXZaRWRqZWMvVnlWbTR1aUowdWw3dnl2MnZLRmRpdWlvYmFRRTdObW40VU5SUWt0UEJHaXNqV05IClhEa0lrcXRrNHRNSTZlQW9lSUJhUWppL0R3SURBUUFCbzBJd1FEQU9CZ05WSFE4QkFmOEVCQU1DQWdRd0R3WUQKVlIwVEFRSC9CQVV3QXdFQi96QWRCZ05WSFE0RUZnUVVYaWdoMUszNjBJNlVEYk5CNWdEWm4rUVRpZE13RFFZSgpLb1pJaHZjTkFRRUxCUUFEZ2dHQkFLUFJIMThBQmdoUzFhL1d3K2d4RzNjSUp2VGFVK2dvUGUvVTlYT3l6V0dsCis2R29tVDFvZW8yNVVLL1R3c2F6Ujd3S0hoK0VJNmtialdYNlplTURxUHlFSVpJcXZQVC9XNTg3RVowTDJKZFMKelFQZG00TVI2dXdKOWFCOWRLN0xYZ1NqYStOaHEyRENQRzlQUGdFbENpTmZvN1NoQXhPdGNUbm9oclB1NXFCKwpoZDBqSUxPY2lCNVlmNHF4U0pTT2VnQ0hKdEpDSlVZL3BHUWF5L3NaQkpUQSsyQjI4OTVKSk1ENHRuSEdkcEorCmVDUys2VjVIZVhFODgyYWNKUnMyeVdheG1hbUlMUWpIQ2JuZ0dwKy92RXM1RXJFS21yTlpoenpnWWZIcDZRUUYKQkxqempzSXBPTy9VanNKaXlaY1RHY1RGdnhXbmdBSzdFNmV1S2VFUnlwZjl0ek1TWTROU1FBME15R3RBRjFobQozdjBtcWhDTFBKRkhqS2V5TFdtQTZQb1VjWlB1T0lsVVhRbS9ycWpMMCtnMzkya1V1d2xzZWR2ZGNxRVR5ZzBvCmtKODF3eUdNL2FCdWxYVXc1RjRyNU4rZTVCRURSOFhCOGMyTGwvcmMvU09PSDNuZStpSkdUbWFicVg2MTNwdUEKY28zbkh0ZEFiN1pleDFTcm0zZUp5Zz09Ci0tLS0tRU5EIENFUlRJRklDQVRFLS0tLS0K"
              }
            ],
            "master_authorized_networks_config": [],
            "master_version": "1.24.7-gke.900",
            "mesh_certificates": [],
            "min_master_version": null,
            "monitoring_config": [
              {
                "enable_components": [
                  "SYSTEM_COMPONENTS"
                ],
                "managed_prometheus": []
              }
            ],
            "monitoring_service": "monitoring.googleapis.com/kubernetes",
            "name": "traffic-director-cluster",
            "network": "projects/gke-envoy-setup/global/networks/default",
            "network_policy": [
              {
                "enabled": false,
                "provider": "PROVIDER_UNSPECIFIED"
              }
            ],
            "networking_mode": "VPC_NATIVE",
            "node_config": [
              {
                "boot_disk_kms_key": "",
                "disk_size_gb": 10,
                "disk_type": "pd-balanced",
                "gcfs_config": [],
                "guest_accelerator": [],
                "gvnic": [],
                "image_type": "COS_CONTAINERD",
                "labels": {},
                "local_ssd_count": 0,
                "logging_variant": "DEFAULT",
                "machine_type": "e2-medium",
                "metadata": {
                  "disable-legacy-endpoints": "true"
                },
                "min_cpu_platform": "",
                "node_group": "",
                "oauth_scopes": [
                  "https://www.googleapis.com/auth/cloud-platform"
                ],
                "preemptible": false,
                "reservation_affinity": [],
                "resource_labels": {},
                "service_account": "default",
                "shielded_instance_config": [
                  {
                    "enable_integrity_monitoring": true,
                    "enable_secure_boot": false
                  }
                ],
                "spot": false,
                "tags": [],
                "taint": [],
                "workload_metadata_config": []
              }
            ],
            "node_locations": [],
            "node_pool": [
              {
                "autoscaling": [],
                "initial_node_count": 3,
                "instance_group_urls": [
                  "https://www.googleapis.com/compute/v1/projects/gke-envoy-setup/zones/us-central1-a/instanceGroupManagers/gke-traffic-director-clu-default-pool-bc7b7851-grp"
                ],
                "managed_instance_group_urls": [
                  "https://www.googleapis.com/compute/v1/projects/gke-envoy-setup/zones/us-central1-a/instanceGroups/gke-traffic-director-clu-default-pool-bc7b7851-grp"
                ],
                "management": [
                  {
                    "auto_repair": true,
                    "auto_upgrade": true
                  }
                ],
                "max_pods_per_node": 110,
                "name": "default-pool",
                "name_prefix": "",
                "network_config": [
                  {
                    "create_pod_range": false,
                    "enable_private_nodes": false,
                    "pod_ipv4_cidr_block": "10.48.0.0/14",
                    "pod_range": "gke-traffic-director-cluster-pods-0c6b6654"
                  }
                ],
                "node_config": [
                  {
                    "boot_disk_kms_key": "",
                    "disk_size_gb": 10,
                    "disk_type": "pd-balanced",
                    "gcfs_config": [],
                    "guest_accelerator": [],
                    "gvnic": [],
                    "image_type": "COS_CONTAINERD",
                    "labels": {},
                    "local_ssd_count": 0,
                    "logging_variant": "DEFAULT",
                    "machine_type": "e2-medium",
                    "metadata": {
                      "disable-legacy-endpoints": "true"
                    },
                    "min_cpu_platform": "",
                    "node_group": "",
                    "oauth_scopes": [
                      "https://www.googleapis.com/auth/cloud-platform"
                    ],
                    "preemptible": false,
                    "reservation_affinity": [],
                    "resource_labels": {},
                    "service_account": "default",
                    "shielded_instance_config": [
                      {
                        "enable_integrity_monitoring": true,
                        "enable_secure_boot": false
                      }
                    ],
                    "spot": false,
                    "tags": [],
                    "taint": [],
                    "workload_metadata_config": []
                  }
                ],
                "node_count": 3,
                "node_locations": [
                  "us-central1-a"
                ],
                "upgrade_settings": [
                  {
                    "blue_green_settings": [],
                    "max_surge": 1,
                    "max_unavailable": 0,
                    "strategy": "SURGE"
                  }
                ],
                "version": "1.24.7-gke.900"
              }
            ],
            "node_pool_defaults": [
              {
                "node_config_defaults": [
                  {
                    "logging_variant": "DEFAULT"
                  }
                ]
              }
            ],
            "node_version": "1.24.7-gke.900",
            "notification_config": [
              {
                "pubsub": [
                  {
                    "enabled": false,
                    "filter": [],
                    "topic": ""
                  }
                ]
              }
            ],
            "operation": null,
            "private_cluster_config": [
              {
                "enable_private_endpoint": false,
                "enable_private_nodes": false,
                "master_global_access_config": [
                  {
                    "enabled": false
                  }
                ],
                "master_ipv4_cidr_block": "",
                "peering_name": "",
                "private_endpoint": "10.128.0.14",
                "private_endpoint_subnetwork": "",
                "public_endpoint": "130.211.239.96"
              }
            ],
            "private_ipv6_google_access": "",
            "project": "gke-envoy-setup",
            "release_channel": [
              {
                "channel": "REGULAR"
              }
            ],
            "remove_default_node_pool": null,
            "resource_labels": {},
            "resource_usage_export_config": [],
            "self_link": "https://container.googleapis.com/v1/projects/gke-envoy-setup/zones/us-central1-a/clusters/traffic-director-cluster",
            "service_external_ips_config": [
              {
                "enabled": false
              }
            ],
            "services_ipv4_cidr": "10.52.0.0/20",
            "subnetwork": "projects/gke-envoy-setup/regions/us-central1/subnetworks/default",
            "tpu_ipv4_cidr_block": "",
            "vertical_pod_autoscaling": [],
            "workload_identity_config": []
          },
          "sensitive_attributes": []
        }
      ]
    },
    {
      "mode": "managed",
      "type": "google_compute_backend_service",
      "name": "td-gke-service",
      "provider": "provider[\"registry.terraform.io/hashicorp/google\"]",
      "instances": [
        {
          "schema_version": 1,
          "attributes": {
            "affinity_cookie_ttl_sec": 0,
            "backend": [
              {
                "balancing_mode": "RATE",
                "capacity_scaler": 1,
                "description": "",
                "group": "https://www.googleapis.com/compute/v1/projects/gke-envoy-setup/zones/us-central1-a/networkEndpointGroups/service-test-neg",
                "max_connections": 0,
                "max_connections_per_endpoint": 0,
                "max_connections_per_instance": 0,
                "max_rate": 0,
                "max_rate_per_endpoint": 5,
                "max_rate_per_instance": 0,
                "max_utilization": 0
              }
            ],
            "cdn_policy": [],
            "circuit_breakers": [],
            "compression_mode": "",
            "connection_draining_timeout_sec": 300,
            "consistent_hash": [],
            "creation_timestamp": "2023-01-02T23:58:26.758-08:00",
            "custom_request_headers": null,
            "custom_response_headers": null,
            "description": "",
            "enable_cdn": false,
            "fingerprint": "qy7C1ho6lxQ=",
            "health_checks": [
              "projects/gke-envoy-setup/global/healthChecks/td-gke-health-check"
            ],
            "iap": [],
            "id": "projects/gke-envoy-setup/global/backendServices/td-gke-service",
            "load_balancing_scheme": "INTERNAL_SELF_MANAGED",
            "locality_lb_policy": "",
            "log_config": [],
            "name": "td-gke-service",
            "outlier_detection": [],
            "port_name": "http",
            "project": "gke-envoy-setup",
            "protocol": "HTTP",
            "security_policy": "",
            "security_settings": [],
            "self_link": "https://www.googleapis.com/compute/v1/projects/gke-envoy-setup/global/backendServices/td-gke-service",
            "session_affinity": "NONE",
            "timeout_sec": 30,
            "timeouts": null
          },
          "sensitive_attributes": [],
          "private": "eyJlMmJmYjczMC1lY2FhLTExZTYtOGY4OC0zNDM2M2JjN2M0YzAiOnsiY3JlYXRlIjoxMjAwMDAwMDAwMDAwLCJkZWxldGUiOjEyMDAwMDAwMDAwMDAsInVwZGF0ZSI6MTIwMDAwMDAwMDAwMH0sInNjaGVtYV92ZXJzaW9uIjoiMSJ9",
          "dependencies": [
            "data.google_client_config.default",
            "data.google_compute_network_endpoint_group.gcpneg",
            "data.google_container_cluster.default",
            "google_compute_health_check.td-gke-health-check",
            "google_container_cluster.traffic-director-cluster",
            "kubernetes_secret.istio-sidecar-injector",
            "null_resource.deploy_kubernetes_service",
            "null_resource.deploy_sample_client",
            "null_resource.deploy_sidecar_injector",
            "null_resource.enable_sidecar_injector",
            "null_resource.get_credentials",
            "null_resource.secret_ns_creation"
          ]
        }
      ]
    },
    {
      "mode": "managed",
      "type": "google_compute_firewall",
      "name": "fw-allow-health-checks",
      "provider": "provider[\"registry.terraform.io/hashicorp/google\"]",
      "instances": [
        {
          "schema_version": 1,
          "attributes": {
            "allow": [
              {
                "ports": [],
                "protocol": "tcp"
              }
            ],
            "creation_timestamp": "2023-01-02T23:52:15.879-08:00",
            "deny": [],
            "description": "",
            "destination_ranges": [],
            "direction": "INGRESS",
            "disabled": false,
            "enable_logging": null,
            "id": "projects/gke-envoy-setup/global/firewalls/fw-allow-health-checks",
            "log_config": [],
            "name": "fw-allow-health-checks",
            "network": "https://www.googleapis.com/compute/v1/projects/gke-envoy-setup/global/networks/default",
            "priority": 1000,
            "project": "gke-envoy-setup",
            "self_link": "https://www.googleapis.com/compute/v1/projects/gke-envoy-setup/global/firewalls/fw-allow-health-checks",
            "source_ranges": [
              "130.211.0.0/22",
              "35.191.0.0/16"
            ],
            "source_service_accounts": null,
            "source_tags": null,
            "target_service_accounts": null,
            "target_tags": null,
            "timeouts": null
          },
          "sensitive_attributes": [],
          "private": "eyJlMmJmYjczMC1lY2FhLTExZTYtOGY4OC0zNDM2M2JjN2M0YzAiOnsiY3JlYXRlIjoxMjAwMDAwMDAwMDAwLCJkZWxldGUiOjEyMDAwMDAwMDAwMDAsInVwZGF0ZSI6MTIwMDAwMDAwMDAwMH0sInNjaGVtYV92ZXJzaW9uIjoiMSJ9"
        }
      ]
    },
    {
      "mode": "managed",
      "type": "google_compute_global_forwarding_rule",
      "name": "td-gke-forwarding-rule",
      "provider": "provider[\"registry.terraform.io/hashicorp/google\"]",
      "instances": [
        {
          "schema_version": 0,
          "attributes": {
            "description": "",
            "id": "projects/gke-envoy-setup/global/forwardingRules/td-gke-forwarding-rule",
            "ip_address": "0.0.0.0",
            "ip_protocol": "TCP",
            "ip_version": "",
            "label_fingerprint": "42WmSpB8rSM=",
            "labels": null,
            "load_balancing_scheme": "INTERNAL_SELF_MANAGED",
            "metadata_filters": [],
            "name": "td-gke-forwarding-rule",
            "network": "default",
            "port_range": "80",
            "project": "gke-envoy-setup",
            "psc_connection_id": "",
            "psc_connection_status": "",
            "self_link": "https://www.googleapis.com/compute/v1/projects/gke-envoy-setup/global/forwardingRules/td-gke-forwarding-rule",
            "target": "projects/gke-envoy-setup/global/targetHttpProxies/td-gke-proxy",
            "timeouts": null
          },
          "sensitive_attributes": [],
          "private": "eyJlMmJmYjczMC1lY2FhLTExZTYtOGY4OC0zNDM2M2JjN2M0YzAiOnsiY3JlYXRlIjoxMjAwMDAwMDAwMDAwLCJkZWxldGUiOjEyMDAwMDAwMDAwMDAsInVwZGF0ZSI6MTIwMDAwMDAwMDAwMH19",
          "dependencies": [
            "data.google_client_config.default",
            "data.google_compute_network_endpoint_group.gcpneg",
            "data.google_container_cluster.default",
            "google_compute_backend_service.td-gke-service",
            "google_compute_health_check.td-gke-health-check",
            "google_compute_target_http_proxy.td-gke-proxy",
            "google_compute_url_map.td-gke-url-map",
            "google_container_cluster.traffic-director-cluster",
            "kubernetes_secret.istio-sidecar-injector",
            "null_resource.deploy_kubernetes_service",
            "null_resource.deploy_sample_client",
            "null_resource.deploy_sidecar_injector",
            "null_resource.enable_sidecar_injector",
            "null_resource.get_credentials",
            "null_resource.secret_ns_creation"
          ]
        }
      ]
    },
    {
      "mode": "managed",
      "type": "google_compute_health_check",
      "name": "td-gke-health-check",
      "provider": "provider[\"registry.terraform.io/hashicorp/google\"]",
      "instances": [
        {
          "schema_version": 0,
          "attributes": {
            "check_interval_sec": 5,
            "creation_timestamp": "2023-01-02T23:52:15.842-08:00",
            "description": "",
            "grpc_health_check": [],
            "healthy_threshold": 2,
            "http2_health_check": [],
            "http_health_check": [
              {
                "host": "",
                "port": 80,
                "port_name": "",
                "port_specification": "",
                "proxy_header": "NONE",
                "request_path": "/",
                "response": ""
              }
            ],
            "https_health_check": [],
            "id": "projects/gke-envoy-setup/global/healthChecks/td-gke-health-check",
            "log_config": [
              {
                "enable": false
              }
            ],
            "name": "td-gke-health-check",
            "project": "gke-envoy-setup",
            "self_link": "https://www.googleapis.com/compute/v1/projects/gke-envoy-setup/global/healthChecks/td-gke-health-check",
            "ssl_health_check": [],
            "tcp_health_check": [],
            "timeout_sec": 5,
            "timeouts": null,
            "type": "HTTP",
            "unhealthy_threshold": 2
          },
          "sensitive_attributes": [],
          "private": "eyJlMmJmYjczMC1lY2FhLTExZTYtOGY4OC0zNDM2M2JjN2M0YzAiOnsiY3JlYXRlIjoxMjAwMDAwMDAwMDAwLCJkZWxldGUiOjEyMDAwMDAwMDAwMDAsInVwZGF0ZSI6MTIwMDAwMDAwMDAwMH19"
        }
      ]
    },
    {
      "mode": "managed",
      "type": "google_compute_target_http_proxy",
      "name": "td-gke-proxy",
      "provider": "provider[\"registry.terraform.io/hashicorp/google\"]",
      "instances": [
        {
          "schema_version": 0,
          "attributes": {
            "creation_timestamp": "2023-01-02T23:59:12.168-08:00",
            "description": "",
            "id": "projects/gke-envoy-setup/global/targetHttpProxies/td-gke-proxy",
            "name": "td-gke-proxy",
            "project": "gke-envoy-setup",
            "proxy_bind": false,
            "proxy_id": 5242680265718783679,
            "self_link": "https://www.googleapis.com/compute/v1/projects/gke-envoy-setup/global/targetHttpProxies/td-gke-proxy",
            "timeouts": null,
            "url_map": "https://www.googleapis.com/compute/v1/projects/gke-envoy-setup/global/urlMaps/td-gke-url-map"
          },
          "sensitive_attributes": [],
          "private": "eyJlMmJmYjczMC1lY2FhLTExZTYtOGY4OC0zNDM2M2JjN2M0YzAiOnsiY3JlYXRlIjoxMjAwMDAwMDAwMDAwLCJkZWxldGUiOjEyMDAwMDAwMDAwMDAsInVwZGF0ZSI6MTIwMDAwMDAwMDAwMH19",
          "dependencies": [
            "data.google_client_config.default",
            "data.google_compute_network_endpoint_group.gcpneg",
            "data.google_container_cluster.default",
            "google_compute_backend_service.td-gke-service",
            "google_compute_health_check.td-gke-health-check",
            "google_compute_url_map.td-gke-url-map",
            "google_container_cluster.traffic-director-cluster",
            "kubernetes_secret.istio-sidecar-injector",
            "null_resource.deploy_kubernetes_service",
            "null_resource.deploy_sample_client",
            "null_resource.deploy_sidecar_injector",
            "null_resource.enable_sidecar_injector",
            "null_resource.get_credentials",
            "null_resource.secret_ns_creation"
          ]
        }
      ]
    },
    {
      "mode": "managed",
      "type": "google_compute_url_map",
      "name": "td-gke-url-map",
      "provider": "provider[\"registry.terraform.io/hashicorp/google\"]",
      "instances": [
        {
          "schema_version": 0,
          "attributes": {
            "creation_timestamp": "2023-01-02T23:58:59.956-08:00",
            "default_route_action": [],
            "default_service": "https://www.googleapis.com/compute/v1/projects/gke-envoy-setup/global/backendServices/td-gke-service",
            "default_url_redirect": [],
            "description": "",
            "fingerprint": "D_FVC41rcII=",
            "header_action": [],
            "host_rule": [
              {
                "description": "",
                "hosts": [
                  "service-test"
                ],
                "path_matcher": "td-gke-path-matcher"
              }
            ],
            "id": "projects/gke-envoy-setup/global/urlMaps/td-gke-url-map",
            "map_id": 8191649745100234412,
            "name": "td-gke-url-map",
            "path_matcher": [
              {
                "default_route_action": [],
                "default_service": "https://www.googleapis.com/compute/v1/projects/gke-envoy-setup/global/backendServices/td-gke-service",
                "default_url_redirect": [],
                "description": "",
                "header_action": [],
                "name": "td-gke-path-matcher",
                "path_rule": [],
                "route_rules": []
              }
            ],
            "project": "gke-envoy-setup",
            "self_link": "https://www.googleapis.com/compute/v1/projects/gke-envoy-setup/global/urlMaps/td-gke-url-map",
            "test": [],
            "timeouts": null
          },
          "sensitive_attributes": [],
          "private": "eyJlMmJmYjczMC1lY2FhLTExZTYtOGY4OC0zNDM2M2JjN2M0YzAiOnsiY3JlYXRlIjoxMjAwMDAwMDAwMDAwLCJkZWxldGUiOjEyMDAwMDAwMDAwMDAsInVwZGF0ZSI6MTIwMDAwMDAwMDAwMH19",
          "dependencies": [
            "data.google_client_config.default",
            "data.google_compute_network_endpoint_group.gcpneg",
            "data.google_container_cluster.default",
            "google_compute_backend_service.td-gke-service",
            "google_compute_health_check.td-gke-health-check",
            "google_container_cluster.traffic-director-cluster",
            "kubernetes_secret.istio-sidecar-injector",
            "null_resource.deploy_kubernetes_service",
            "null_resource.deploy_sample_client",
            "null_resource.deploy_sidecar_injector",
            "null_resource.enable_sidecar_injector",
            "null_resource.get_credentials",
            "null_resource.secret_ns_creation"
          ]
        }
      ]
    },
    {
      "mode": "managed",
      "type": "google_container_cluster",
      "name": "traffic-director-cluster",
      "provider": "provider[\"registry.terraform.io/hashicorp/google\"]",
      "instances": [
        {
          "schema_version": 1,
          "attributes": {
            "addons_config": [
              {
                "cloudrun_config": [],
                "dns_cache_config": [],
                "gce_persistent_disk_csi_driver_config": [
                  {
                    "enabled": true
                  }
                ],
                "gcp_filestore_csi_driver_config": [],
                "gke_backup_agent_config": [],
                "horizontal_pod_autoscaling": [],
                "http_load_balancing": [],
                "network_policy_config": [
                  {
                    "disabled": true
                  }
                ]
              }
            ],
            "authenticator_groups_config": [],
            "binary_authorization": [
              {
                "enabled": false,
                "evaluation_mode": ""
              }
            ],
            "cluster_autoscaling": [
              {
                "auto_provisioning_defaults": [],
                "enabled": false,
                "resource_limits": []
              }
            ],
            "cluster_ipv4_cidr": "10.48.0.0/14",
            "confidential_nodes": [],
            "cost_management_config": [],
            "database_encryption": [
              {
                "key_name": "",
                "state": "DECRYPTED"
              }
            ],
            "datapath_provider": "",
            "default_max_pods_per_node": 110,
            "default_snat_status": [
              {
                "disabled": false
              }
            ],
            "description": "",
            "dns_config": [],
            "enable_autopilot": false,
            "enable_binary_authorization": false,
            "enable_intranode_visibility": false,
            "enable_kubernetes_alpha": false,
            "enable_l4_ilb_subsetting": false,
            "enable_legacy_abac": false,
            "enable_shielded_nodes": true,
            "enable_tpu": false,
            "endpoint": "130.211.239.96",
            "gateway_api_config": [],
            "id": "projects/gke-envoy-setup/locations/us-central1-a/clusters/traffic-director-cluster",
            "initial_node_count": 3,
            "ip_allocation_policy": [
              {
                "cluster_ipv4_cidr_block": "10.48.0.0/14",
                "cluster_secondary_range_name": "gke-traffic-director-cluster-pods-0c6b6654",
                "services_ipv4_cidr_block": "10.52.0.0/20",
                "services_secondary_range_name": "gke-traffic-director-cluster-services-0c6b6654"
              }
            ],
            "label_fingerprint": "a9dc16a7",
            "location": "us-central1-a",
            "logging_config": [
              {
                "enable_components": [
                  "SYSTEM_COMPONENTS",
                  "WORKLOADS"
                ]
              }
            ],
            "logging_service": "logging.googleapis.com/kubernetes",
            "maintenance_policy": [],
            "master_auth": [
              {
                "client_certificate": "",
                "client_certificate_config": [
                  {
                    "issue_client_certificate": false
                  }
                ],
                "client_key": "",
                "cluster_ca_certificate": "LS0tLS1CRUdJTiBDRVJUSUZJQ0FURS0tLS0tCk1JSUVMRENDQXBTZ0F3SUJBZ0lRRnpwSEwxTjVkbXI0SFVoMVFuVjNuakFOQmdrcWhraUc5dzBCQVFzRkFEQXYKTVMwd0t3WURWUVFERXlSak1URTROV1U0T1MxbVptWmhMVFJpWW1VdE9EZzRNaTFtWTJZMU1Ea3daV1ZpTUdJdwpJQmNOTWpNd01UQXpNRFkxTWpFMldoZ1BNakExTWpFeU1qWXdOelV5TVRaYU1DOHhMVEFyQmdOVkJBTVRKR014Ck1UZzFaVGc1TFdabVptRXROR0ppWlMwNE9EZ3lMV1pqWmpVd09UQmxaV0l3WWpDQ0FhSXdEUVlKS29aSWh2Y04KQVFFQkJRQURnZ0dQQURDQ0FZb0NnZ0dCQU4rZmtnTlZFMDc2QWlBeTFndnY5UVEvSUhRQWFwbkYrajBwdEIwSgpLeFBsaWxTa05jU2V6RXUwNlYrdFJnbFU0NEI2TkZzNVBzNmh1bU5DOVlic3FVWTk5Tnc3YzFwR2xoay9CdmZxCkJsMjFYMVlPRkxidFdPSHk1TjZPZDUreWJhUVRXeXlkU1JVWDdLTlNpSlA3WWxYN2hkVXA3cFYyenZmWUhlYUoKWHFkT0JFbXNkVS9Yd1hRcE96MnY1YXpQaUsrdDNVellLRzdkSDlUNWVxQmN4MHlxclZLTy9LS1o5MXZoVTB5QwovRVl5K1JyZGpPc216bUJqTThKZ2o1N0lUSzh5WlRPeFIxalBtSUN3aU53cldmbVljTjFVYmdyQlRyaGRwenltCmtPYy9yWGhYUWFtdUF5aFpWSWlDeFhFdWRuOGVZb2xNRklDTzBWZkpBN0NmUk8xUDBCL00zN2ZMQnhWaGlUU3kKaW1XYjREbStEVk9QbklON2xCMDlyMWNlSFo3KzgxTlFxTkV2ZjNFNUxVRXBhK1MyVk8rSmFlMUxrQ3hkbThsagp5aEtJWkhvTXZaRWRqZWMvVnlWbTR1aUowdWw3dnl2MnZLRmRpdWlvYmFRRTdObW40VU5SUWt0UEJHaXNqV05IClhEa0lrcXRrNHRNSTZlQW9lSUJhUWppL0R3SURBUUFCbzBJd1FEQU9CZ05WSFE4QkFmOEVCQU1DQWdRd0R3WUQKVlIwVEFRSC9CQVV3QXdFQi96QWRCZ05WSFE0RUZnUVVYaWdoMUszNjBJNlVEYk5CNWdEWm4rUVRpZE13RFFZSgpLb1pJaHZjTkFRRUxCUUFEZ2dHQkFLUFJIMThBQmdoUzFhL1d3K2d4RzNjSUp2VGFVK2dvUGUvVTlYT3l6V0dsCis2R29tVDFvZW8yNVVLL1R3c2F6Ujd3S0hoK0VJNmtialdYNlplTURxUHlFSVpJcXZQVC9XNTg3RVowTDJKZFMKelFQZG00TVI2dXdKOWFCOWRLN0xYZ1NqYStOaHEyRENQRzlQUGdFbENpTmZvN1NoQXhPdGNUbm9oclB1NXFCKwpoZDBqSUxPY2lCNVlmNHF4U0pTT2VnQ0hKdEpDSlVZL3BHUWF5L3NaQkpUQSsyQjI4OTVKSk1ENHRuSEdkcEorCmVDUys2VjVIZVhFODgyYWNKUnMyeVdheG1hbUlMUWpIQ2JuZ0dwKy92RXM1RXJFS21yTlpoenpnWWZIcDZRUUYKQkxqempzSXBPTy9VanNKaXlaY1RHY1RGdnhXbmdBSzdFNmV1S2VFUnlwZjl0ek1TWTROU1FBME15R3RBRjFobQozdjBtcWhDTFBKRkhqS2V5TFdtQTZQb1VjWlB1T0lsVVhRbS9ycWpMMCtnMzkya1V1d2xzZWR2ZGNxRVR5ZzBvCmtKODF3eUdNL2FCdWxYVXc1RjRyNU4rZTVCRURSOFhCOGMyTGwvcmMvU09PSDNuZStpSkdUbWFicVg2MTNwdUEKY28zbkh0ZEFiN1pleDFTcm0zZUp5Zz09Ci0tLS0tRU5EIENFUlRJRklDQVRFLS0tLS0K"
              }
            ],
            "master_authorized_networks_config": [],
            "master_version": "1.24.7-gke.900",
            "mesh_certificates": [],
            "min_master_version": null,
            "monitoring_config": [
              {
                "enable_components": [
                  "SYSTEM_COMPONENTS"
                ],
                "managed_prometheus": []
              }
            ],
            "monitoring_service": "monitoring.googleapis.com/kubernetes",
            "name": "traffic-director-cluster",
            "network": "projects/gke-envoy-setup/global/networks/default",
            "network_policy": [
              {
                "enabled": false,
                "provider": "PROVIDER_UNSPECIFIED"
              }
            ],
            "networking_mode": "VPC_NATIVE",
            "node_config": [
              {
                "boot_disk_kms_key": "",
                "disk_size_gb": 10,
                "disk_type": "pd-balanced",
                "gcfs_config": [],
                "guest_accelerator": [],
                "gvnic": [],
                "image_type": "COS_CONTAINERD",
                "labels": {},
                "local_ssd_count": 0,
                "logging_variant": "DEFAULT",
                "machine_type": "e2-medium",
                "metadata": {
                  "disable-legacy-endpoints": "true"
                },
                "min_cpu_platform": "",
                "node_group": "",
                "oauth_scopes": [
                  "https://www.googleapis.com/auth/cloud-platform"
                ],
                "preemptible": false,
                "reservation_affinity": [],
                "resource_labels": null,
                "service_account": "default",
                "shielded_instance_config": [
                  {
                    "enable_integrity_monitoring": true,
                    "enable_secure_boot": false
                  }
                ],
                "spot": false,
                "tags": null,
                "taint": [],
                "workload_metadata_config": []
              }
            ],
            "node_locations": [],
            "node_pool": [
              {
                "autoscaling": [],
                "initial_node_count": 3,
                "instance_group_urls": [
                  "https://www.googleapis.com/compute/v1/projects/gke-envoy-setup/zones/us-central1-a/instanceGroupManagers/gke-traffic-director-clu-default-pool-bc7b7851-grp"
                ],
                "managed_instance_group_urls": [
                  "https://www.googleapis.com/compute/v1/projects/gke-envoy-setup/zones/us-central1-a/instanceGroups/gke-traffic-director-clu-default-pool-bc7b7851-grp"
                ],
                "management": [
                  {
                    "auto_repair": true,
                    "auto_upgrade": true
                  }
                ],
                "max_pods_per_node": 110,
                "name": "default-pool",
                "name_prefix": "",
                "network_config": [
                  {
                    "create_pod_range": false,
                    "enable_private_nodes": false,
                    "pod_ipv4_cidr_block": "10.48.0.0/14",
                    "pod_range": "gke-traffic-director-cluster-pods-0c6b6654"
                  }
                ],
                "node_config": [
                  {
                    "boot_disk_kms_key": "",
                    "disk_size_gb": 10,
                    "disk_type": "pd-balanced",
                    "gcfs_config": [],
                    "guest_accelerator": [],
                    "gvnic": [],
                    "image_type": "COS_CONTAINERD",
                    "labels": {},
                    "local_ssd_count": 0,
                    "logging_variant": "DEFAULT",
                    "machine_type": "e2-medium",
                    "metadata": {
                      "disable-legacy-endpoints": "true"
                    },
                    "min_cpu_platform": "",
                    "node_group": "",
                    "oauth_scopes": [
                      "https://www.googleapis.com/auth/cloud-platform"
                    ],
                    "preemptible": false,
                    "reservation_affinity": [],
                    "resource_labels": {},
                    "service_account": "default",
                    "shielded_instance_config": [
                      {
                        "enable_integrity_monitoring": true,
                        "enable_secure_boot": false
                      }
                    ],
                    "spot": false,
                    "tags": [],
                    "taint": [],
                    "workload_metadata_config": []
                  }
                ],
                "node_count": 3,
                "node_locations": [
                  "us-central1-a"
                ],
                "upgrade_settings": [
                  {
                    "blue_green_settings": [],
                    "max_surge": 1,
                    "max_unavailable": 0,
                    "strategy": "SURGE"
                  }
                ],
                "version": "1.24.7-gke.900"
              }
            ],
            "node_pool_defaults": [
              {
                "node_config_defaults": [
                  {
                    "logging_variant": "DEFAULT"
                  }
                ]
              }
            ],
            "node_version": "1.24.7-gke.900",
            "notification_config": [
              {
                "pubsub": [
                  {
                    "enabled": false,
                    "filter": [],
                    "topic": ""
                  }
                ]
              }
            ],
            "operation": null,
            "private_cluster_config": [
              {
                "enable_private_endpoint": false,
                "enable_private_nodes": false,
                "master_global_access_config": [
                  {
                    "enabled": false
                  }
                ],
                "master_ipv4_cidr_block": "",
                "peering_name": "",
                "private_endpoint": "10.128.0.14",
                "private_endpoint_subnetwork": "",
                "public_endpoint": "130.211.239.96"
              }
            ],
            "private_ipv6_google_access": "",
            "project": "gke-envoy-setup",
            "release_channel": [
              {
                "channel": "REGULAR"
              }
            ],
            "remove_default_node_pool": null,
            "resource_labels": null,
            "resource_usage_export_config": [],
            "self_link": "https://container.googleapis.com/v1/projects/gke-envoy-setup/zones/us-central1-a/clusters/traffic-director-cluster",
            "service_external_ips_config": [
              {
                "enabled": false
              }
            ],
            "services_ipv4_cidr": "10.52.0.0/20",
            "subnetwork": "projects/gke-envoy-setup/regions/us-central1/subnetworks/default",
            "timeouts": {
              "create": "30m",
              "delete": null,
              "read": null,
              "update": "40m"
            },
            "tpu_ipv4_cidr_block": "",
            "vertical_pod_autoscaling": [],
            "workload_identity_config": []
          },
          "sensitive_attributes": [],
          "private": "eyJlMmJmYjczMC1lY2FhLTExZTYtOGY4OC0zNDM2M2JjN2M0YzAiOnsiY3JlYXRlIjoxODAwMDAwMDAwMDAwLCJkZWxldGUiOjI0MDAwMDAwMDAwMDAsInJlYWQiOjI0MDAwMDAwMDAwMDAsInVwZGF0ZSI6MjQwMDAwMDAwMDAwMH0sInNjaGVtYV92ZXJzaW9uIjoiMSJ9"
        }
      ]
    },
    {
      "mode": "managed",
      "type": "google_project_iam_binding",
      "name": "compute_networkViewer",
      "provider": "provider[\"registry.terraform.io/hashicorp/google\"]",
      "instances": [
        {
          "schema_version": 0,
          "attributes": {
            "condition": [],
            "etag": "BwXxV1jy6Ok=",
            "id": "gke-envoy-setup/roles/compute.networkViewer",
            "members": [
              "serviceAccount:629996305394-compute@developer.gserviceaccount.com"
            ],
            "project": "gke-envoy-setup",
            "role": "roles/compute.networkViewer"
          },
          "sensitive_attributes": [],
          "private": "bnVsbA==",
          "dependencies": [
            "data.google_compute_default_service_account.default"
          ]
        }
      ]
    },
    {
      "mode": "managed",
      "type": "google_project_iam_binding",
      "name": "trafficdirector_client",
      "provider": "provider[\"registry.terraform.io/hashicorp/google\"]",
      "instances": [
        {
          "schema_version": 0,
          "attributes": {
            "condition": [],
            "etag": "BwXxV1jy6Ok=",
            "id": "gke-envoy-setup/roles/trafficdirector.client",
            "members": [
              "serviceAccount:629996305394-compute@developer.gserviceaccount.com"
            ],
            "project": "gke-envoy-setup",
            "role": "roles/trafficdirector.client"
          },
          "sensitive_attributes": [],
          "private": "bnVsbA==",
          "dependencies": [
            "data.google_compute_default_service_account.default"
          ]
        }
      ]
    },
    {
      "mode": "managed",
      "type": "google_project_service",
      "name": "trafficdirector",
      "provider": "provider[\"registry.terraform.io/hashicorp/google\"]",
      "instances": [
        {
          "schema_version": 0,
          "attributes": {
            "disable_dependent_services": false,
            "disable_on_destroy": false,
            "id": "gke-envoy-setup/trafficdirector.googleapis.com",
            "project": "gke-envoy-setup",
            "service": "trafficdirector.googleapis.com",
            "timeouts": {
              "create": "30m",
              "delete": null,
              "read": null,
              "update": "40m"
            }
          },
          "sensitive_attributes": [],
          "private": "eyJlMmJmYjczMC1lY2FhLTExZTYtOGY4OC0zNDM2M2JjN2M0YzAiOnsiY3JlYXRlIjoxODAwMDAwMDAwMDAwLCJkZWxldGUiOjEyMDAwMDAwMDAwMDAsInJlYWQiOjYwMDAwMDAwMDAwMCwidXBkYXRlIjoyNDAwMDAwMDAwMDAwfX0="
        }
      ]
    },
    {
      "mode": "managed",
      "type": "kubernetes_secret",
      "name": "istio-sidecar-injector",
      "provider": "provider[\"registry.terraform.io/hashicorp/kubernetes\"]",
      "instances": [
        {
          "schema_version": 0,
          "attributes": {
            "binary_data": null,
            "data": {
              "ca-cert.pem": "-----BEGIN CERTIFICATE-----\nMIIFfjCCA2agAwIBAgIUTCPlT4hcUi6+/VFutLBkdlET8G0wDQYJKoZIhvcNAQEL\nBQAwMzExMC8GA1UEAwwoaXN0aW8tc2lkZWNhci1pbmplY3Rvci5pc3Rpby1jb250\ncm9sLnN2YzAeFw0yMzAxMDIxMzU2MDNaFw0yNDAxMDIxMzU2MDNaMDMxMTAvBgNV\nBAMMKGlzdGlvLXNpZGVjYXItaW5qZWN0b3IuaXN0aW8tY29udHJvbC5zdmMwggIi\nMA0GCSqGSIb3DQEBAQUAA4ICDwAwggIKAoICAQDPmjJSMBxAMU0DaBEvMsHO4H/e\n14FtQ0Wspf+xwShj20e96ZBYz+sbm8rVpsN17ztg34ZUG5Hn/sz7cirnxd35BUcA\ntlBsXOzWKN4NxoouHkq2pzjuGhn9gDI6O66bOeKbRVdCpgnUkoZz26Y1NH0BCu0J\nkPU8IBPxlUZEyR34hNV9PoAbxHmqEYDwysG0SvUN3yFAL+rYOSyv9H/J1t2j5HSW\n6/dl6aukFcjyS125aXSaOMxaALfl0AvHjzovZJf0VjjlbK+bGfwKfvfXlekSqsxm\nMIl1e6RGSRPMB3lK8Q9cR0LASNCtCpq+gpo5LOTY8h/WSwSmWMg8nsAnXMvCLV4U\nKDSxrMp+0GanaSvisk7R9+TiKrl0o6Wa0UoCtX25xbpdkcEwsMfYhimIU113turR\nioc7HVYuYNxfsuRIw7na/9EVfMmR/oxMfURGkhOlfhXfFZRTn8whfYyJ5ebyKEzr\nCkil6FyKxPFgFx3S7aOKplxHaF15D2lbINTHTLvmgsWsRnJdEW6CNv/BSkZjpwtT\noIEaUop/Om7Cl3Zcg95qwycCjMDaGsTXGyFhT1dHI6d7Fv7dlQLZflfXPkyHkbhb\nfCRxwYSw9GXY1OZYEwQM7v/OCuHxFgsv+bdgqEd+FcVxooq5tqRgv48M3Z3LHJfa\nvdReHloxAUE57ZMxdwIDAQABo4GJMIGGMB0GA1UdDgQWBBTtvc4UJ+77ZXGxHB8I\nLyWKjW8R9TAfBgNVHSMEGDAWgBTtvc4UJ+77ZXGxHB8ILyWKjW8R9TAPBgNVHRMB\nAf8EBTADAQH/MDMGA1UdEQQsMCqCKGlzdGlvLXNpZGVjYXItaW5qZWN0b3IuaXN0\naW8tY29udHJvbC5zdmMwDQYJKoZIhvcNAQELBQADggIBADNj8BCEAXVOyE5ZCREU\nZMQQJ6V/YPqDQYgVVPCUHaFLWbIZqLNNMDCRh5VDOEVpK1YxlpQJy2vRGI4BP/z8\n+d2CnixxYmEBjQw/mCiXBVTTVQXUPqr6AUlI9QM+3o1uyP/ggkD0oYxIszEhAQ23\nECKtJakuHYhmFTkcjI1oGPDGdsp76scsw3HbDYJwKtpXm4KI1+ffjjz8NXLZ4MB/\n2aa9zJGQ3ZNUavORE0qiJDASZZ6CCF0tapDqdjDclMZe6qZ0aVtGxZ/47LXYzjYv\ntCUv7KDmy9ITFtFmBmdgC9waz0H3q2cae7kisgcSnWT7mJutfvZRc9BsHdYotHgr\n7gCGefP04CcDEfOA5MnvaTFGEmWYvtMLShf3OoKVNftOyJH/u8QQaHuzJ9wkyZex\nhhknAWIUoxf7AdxYWl5XSbuQq87QUuPnGR/wMlX0WkNBBJhVJyOxsWLB529Txf2i\nwKe8aoDOkrD9hoFLaR+p5Za5N74rOh4ANOzSRr2vmU0wZNz6CoFlDd0+6+rOKYcN\nco6Xl4GGnya/8uOesnI5VbjXoNv+i97scIf0EzfZcrB++OvyqufL+C9RGGP2cK/3\nwi2cMGNZHRNbbIQOyLYsv0WShT5M3lK76+xEwqM3Hk9jkQHAFhUwpzyHQ5DEOf13\noYPxme1DZOrdwIHdCJFJCxOv\n-----END CERTIFICATE-----\n",
              "cert.pem": "-----BEGIN CERTIFICATE-----\nMIIFfjCCA2agAwIBAgIUTCPlT4hcUi6+/VFutLBkdlET8G0wDQYJKoZIhvcNAQEL\nBQAwMzExMC8GA1UEAwwoaXN0aW8tc2lkZWNhci1pbmplY3Rvci5pc3Rpby1jb250\ncm9sLnN2YzAeFw0yMzAxMDIxMzU2MDNaFw0yNDAxMDIxMzU2MDNaMDMxMTAvBgNV\nBAMMKGlzdGlvLXNpZGVjYXItaW5qZWN0b3IuaXN0aW8tY29udHJvbC5zdmMwggIi\nMA0GCSqGSIb3DQEBAQUAA4ICDwAwggIKAoICAQDPmjJSMBxAMU0DaBEvMsHO4H/e\n14FtQ0Wspf+xwShj20e96ZBYz+sbm8rVpsN17ztg34ZUG5Hn/sz7cirnxd35BUcA\ntlBsXOzWKN4NxoouHkq2pzjuGhn9gDI6O66bOeKbRVdCpgnUkoZz26Y1NH0BCu0J\nkPU8IBPxlUZEyR34hNV9PoAbxHmqEYDwysG0SvUN3yFAL+rYOSyv9H/J1t2j5HSW\n6/dl6aukFcjyS125aXSaOMxaALfl0AvHjzovZJf0VjjlbK+bGfwKfvfXlekSqsxm\nMIl1e6RGSRPMB3lK8Q9cR0LASNCtCpq+gpo5LOTY8h/WSwSmWMg8nsAnXMvCLV4U\nKDSxrMp+0GanaSvisk7R9+TiKrl0o6Wa0UoCtX25xbpdkcEwsMfYhimIU113turR\nioc7HVYuYNxfsuRIw7na/9EVfMmR/oxMfURGkhOlfhXfFZRTn8whfYyJ5ebyKEzr\nCkil6FyKxPFgFx3S7aOKplxHaF15D2lbINTHTLvmgsWsRnJdEW6CNv/BSkZjpwtT\noIEaUop/Om7Cl3Zcg95qwycCjMDaGsTXGyFhT1dHI6d7Fv7dlQLZflfXPkyHkbhb\nfCRxwYSw9GXY1OZYEwQM7v/OCuHxFgsv+bdgqEd+FcVxooq5tqRgv48M3Z3LHJfa\nvdReHloxAUE57ZMxdwIDAQABo4GJMIGGMB0GA1UdDgQWBBTtvc4UJ+77ZXGxHB8I\nLyWKjW8R9TAfBgNVHSMEGDAWgBTtvc4UJ+77ZXGxHB8ILyWKjW8R9TAPBgNVHRMB\nAf8EBTADAQH/MDMGA1UdEQQsMCqCKGlzdGlvLXNpZGVjYXItaW5qZWN0b3IuaXN0\naW8tY29udHJvbC5zdmMwDQYJKoZIhvcNAQELBQADggIBADNj8BCEAXVOyE5ZCREU\nZMQQJ6V/YPqDQYgVVPCUHaFLWbIZqLNNMDCRh5VDOEVpK1YxlpQJy2vRGI4BP/z8\n+d2CnixxYmEBjQw/mCiXBVTTVQXUPqr6AUlI9QM+3o1uyP/ggkD0oYxIszEhAQ23\nECKtJakuHYhmFTkcjI1oGPDGdsp76scsw3HbDYJwKtpXm4KI1+ffjjz8NXLZ4MB/\n2aa9zJGQ3ZNUavORE0qiJDASZZ6CCF0tapDqdjDclMZe6qZ0aVtGxZ/47LXYzjYv\ntCUv7KDmy9ITFtFmBmdgC9waz0H3q2cae7kisgcSnWT7mJutfvZRc9BsHdYotHgr\n7gCGefP04CcDEfOA5MnvaTFGEmWYvtMLShf3OoKVNftOyJH/u8QQaHuzJ9wkyZex\nhhknAWIUoxf7AdxYWl5XSbuQq87QUuPnGR/wMlX0WkNBBJhVJyOxsWLB529Txf2i\nwKe8aoDOkrD9hoFLaR+p5Za5N74rOh4ANOzSRr2vmU0wZNz6CoFlDd0+6+rOKYcN\nco6Xl4GGnya/8uOesnI5VbjXoNv+i97scIf0EzfZcrB++OvyqufL+C9RGGP2cK/3\nwi2cMGNZHRNbbIQOyLYsv0WShT5M3lK76+xEwqM3Hk9jkQHAFhUwpzyHQ5DEOf13\noYPxme1DZOrdwIHdCJFJCxOv\n-----END CERTIFICATE-----\n",
              "key.pem": "-----BEGIN PRIVATE KEY-----\nMIIJQwIBADANBgkqhkiG9w0BAQEFAASCCS0wggkpAgEAAoICAQDPmjJSMBxAMU0D\naBEvMsHO4H/e14FtQ0Wspf+xwShj20e96ZBYz+sbm8rVpsN17ztg34ZUG5Hn/sz7\ncirnxd35BUcAtlBsXOzWKN4NxoouHkq2pzjuGhn9gDI6O66bOeKbRVdCpgnUkoZz\n26Y1NH0BCu0JkPU8IBPxlUZEyR34hNV9PoAbxHmqEYDwysG0SvUN3yFAL+rYOSyv\n9H/J1t2j5HSW6/dl6aukFcjyS125aXSaOMxaALfl0AvHjzovZJf0VjjlbK+bGfwK\nfvfXlekSqsxmMIl1e6RGSRPMB3lK8Q9cR0LASNCtCpq+gpo5LOTY8h/WSwSmWMg8\nnsAnXMvCLV4UKDSxrMp+0GanaSvisk7R9+TiKrl0o6Wa0UoCtX25xbpdkcEwsMfY\nhimIU113turRioc7HVYuYNxfsuRIw7na/9EVfMmR/oxMfURGkhOlfhXfFZRTn8wh\nfYyJ5ebyKEzrCkil6FyKxPFgFx3S7aOKplxHaF15D2lbINTHTLvmgsWsRnJdEW6C\nNv/BSkZjpwtToIEaUop/Om7Cl3Zcg95qwycCjMDaGsTXGyFhT1dHI6d7Fv7dlQLZ\nflfXPkyHkbhbfCRxwYSw9GXY1OZYEwQM7v/OCuHxFgsv+bdgqEd+FcVxooq5tqRg\nv48M3Z3LHJfavdReHloxAUE57ZMxdwIDAQABAoICAQCediyC34Yw2XDXcM/tHukg\nZ+wyxHxeUkMUjYCmxbF2xyHzrBwqLkpfQIOKoUgA9SJ1xyhZetHcK3l7VKG7WCUe\ntxCDUqYAkM2Wios0KJ/ApA6TbQDffbzo6rlsCbI1efGmYz8/+Ez4nP9T4Az1/6KK\n8TQNYUBPLI0MkcyZJIpj78ClYNeYWlgjoEizg5Bnde+nLvHKdMjlUn7xr8b64a88\nMl1r9aFZgQsqrBY+G5jmtb/zF/ejm3jDShIzuPfIxRfXwRicxmEkGqlvuYqkXCET\nxptORS4nJsE1hQI/clT7BxWacipZazsdWkLTuAzQJ5xmnCoBADIEZzAwVVyGryY3\nKAn/J8Dtsn2GM+NW3Nmz3IqOlhIuC3bvxmFUJuNOTtCY2OkTzTzMUXgElD6ymY3R\nqynLSxpi8gpytT5peClrSq3IX70/1QQ22aKVwVWW1ROgLQsCLExv350DeTysmfeJ\nYh8MPTRRXdb6XZi0Q1/81t69lzzgEXLeaIvBMHbK+XNmAE2JZUtdcBWBjl3w2eeu\nCN4dankfDhQgLHGnJL4pzy4scS25SmjITveLuWchba3l3cQUC7HeAI2CCFWcAZ2K\nmSFMZoJbo5BfVqzBBQ3QoQUmMsuSTLQfytwr2s0gP/7mPzqnNFpTBqS9lJRBNy4k\nKBA4MDdaYa7F9ehKzLibgQKCAQEA+s4omzXR6tKo31rIUuJ+R+pHYk2AIfsoUg4S\nvNS+lPYEUnpexZMJ0cp0/JRcNUHdMecX4ktBnyzqDoETybsx/jw8t7eZkRcODFfC\nqMq0aAy+sQ4xyjVaQNzbLdMVVcMMih2+JeXrSxNiMUaL0L2EoiPW+WUl3hKf0p7X\nJk6iycN/kFJOSyEWtBPq3Rz0l71Hjb/Sji3lNiG6dkJPn2l7iMtyoOXlCrrnckee\nJwIdK7WR7CNghQDNMxKVGJRdinfIMqKIo6cu/FTqEB5XtNu6viGuKwfOh+/GS7Q5\nIEog3cAWf2NPD3510WGN3qSzTqgmDOE/ln+BBS6XOQbUNj/YXwKCAQEA0+b2ovrq\nd3CwJXuqWtvfiD8Qnq0Z6MjNn0AHcbkT43PlOEk5RN6OS5UVMlztG++Tg4Xh6tsp\nH+4K90I06NvwjZoD6IQYTR1ZlXfOd4XvIEVEjQYgDcNMLCTElJXZKRJ66ztX0RmT\nbGa3ZPBLota0SH3rKQCCiVXxs8spZZ/A8YSAuHYFAPvb++aZS+MMmyfq7TjNoISy\nT4cIUKFwMXZjt4XJ1WXy7eP0F6SX47DA8RLjyckzqvoLDEX7qFWcOBn0w7JZ6KrG\nhuVVH5S4LkD0S3q2lTSvwh//USLQFYWsygBFAJ5yvZ44glmwEpER+iUJX9okGMzO\nO08EFIzEBFud6QKCAQEAjN2Hrw0+dr6U/MYXZ34w4SFzsIHI6s0O629eFNMEq9O1\nv8FdQ2j/heZJaKfHVl5E50ddgcs08zsdxsG2pIJQZPPeQm2LghNJ36LXAUjApQQr\ngnRvgJwQsgeZzxYUkJO5kkV8S/rj+cnMR9LQqpAXU53/mxm1eBJL09dFDg3ynpIA\nLsYblVTjVIcvTbt6oVM9Qh8wGo0qhQnSmaNK50Uujjl+i2I0D5/EaMpSyKQGUEtt\nxwxjpLA7kGjqduC13RTDy7TAO/KlkDH9OMpiBoG3VBzEnwSGepEwdcqmnz0jUokV\n2bykZhZoBA7fyOIGl7IXlPpaZaP9ijSN2Qi93i5jzwKCAQABexm6JdrBnu38NRMJ\ns4OqZhZtpXQK5mxZco8awlpbOpIdhJV737pK2O3e/jtB+LilMKhVhdaRvI4jEDli\nbzcNJkhktZed4lif7MhqmWsEZLeH7MUIk5bSsCcXiryLxu9I+Y8xjOY02brqX6uH\npcx4vTiJftFquEkKIp9VcHpetbhYkaqTSS9OYVws5ZdO9kZ0BfOZ7ZN5bs4mEhrA\nnb0wqSSx8xZxhyhLigDtvGx8ws8It/k+dqThHxQVJxQCaFwHihWKxLbCdpPTtqxa\n1mVeqarg/A9GYgbcwEuH+vksKDhTOsg+fv6SGqJaXt0rTFr2aoXaDoRaccDri9hK\n14ERAoIBABjJQ9opgXm38R9KYgQZO6LdE0eIlxDu013vGOQn9jR4hxRy4Oml2nv0\nVeVKExaPY4hU4r+ZZiXFxAuEETWbM6dhCZogCGRsCc6ANaRcVxM9pyLB14XvcnXu\nvSUKjBsp7xodZwjL88oxcb6wRmNfhFSmlusrG/vy8qnxGDI9wB4ycTKkrFwsHFUg\nEn9w9tU6IdNFtPjlU4Jyj4CtoyWGiOt/Fpn0aAigWUC2rpjl71eT3ixpwo0WUgED\njPeYosFwx+ot9cGwyfjfNj7E6+AEZACqyB94FnFo+1YtRH2RMmc1YMYC0yXZSx0m\nYnZDz9mIczr5QW0vBlqE14hxdtvkmJo=\n-----END PRIVATE KEY-----\n"
            },
            "id": "istio-control/istio-sidecar-injector",
            "immutable": false,
            "metadata": [
              {
                "annotations": null,
                "generate_name": "",
                "generation": 0,
                "labels": null,
                "name": "istio-sidecar-injector",
                "namespace": "istio-control",
                "resource_version": "1441",
                "uid": "cdc4aebc-edfb-492c-92a7-f36ee5d7c6a2"
              }
            ],
            "timeouts": null,
            "type": "Opaque",
            "wait_for_service_account_token": true
          },
          "sensitive_attributes": [],
          "private": "eyJlMmJmYjczMC1lY2FhLTExZTYtOGY4OC0zNDM2M2JjN2M0YzAiOnsiY3JlYXRlIjo2MDAwMDAwMDAwMH19",
          "dependencies": [
            "data.google_client_config.default",
            "data.google_container_cluster.default",
            "google_container_cluster.traffic-director-cluster",
            "null_resource.get_credentials",
            "null_resource.secret_ns_creation"
          ]
        }
      ]
    },
    {
      "mode": "managed",
      "type": "null_resource",
      "name": "deploy_kubernetes_service",
      "provider": "provider[\"registry.terraform.io/hashicorp/null\"]",
      "instances": [
        {
          "schema_version": 0,
          "attributes": {
            "id": "3932664870813188774",
            "triggers": null
          },
          "sensitive_attributes": [],
          "dependencies": [
            "data.google_client_config.default",
            "data.google_container_cluster.default",
            "google_container_cluster.traffic-director-cluster",
            "kubernetes_secret.istio-sidecar-injector",
            "null_resource.deploy_sample_client",
            "null_resource.deploy_sidecar_injector",
            "null_resource.enable_sidecar_injector",
            "null_resource.get_credentials",
            "null_resource.secret_ns_creation"
          ]
        }
      ]
    },
    {
      "mode": "managed",
      "type": "null_resource",
      "name": "deploy_sample_client",
      "provider": "provider[\"registry.terraform.io/hashicorp/null\"]",
      "instances": [
        {
          "schema_version": 0,
          "attributes": {
            "id": "8222659141332166366",
            "triggers": null
          },
          "sensitive_attributes": [],
          "dependencies": [
            "data.google_client_config.default",
            "data.google_container_cluster.default",
            "google_container_cluster.traffic-director-cluster",
            "kubernetes_secret.istio-sidecar-injector",
            "null_resource.deploy_sidecar_injector",
            "null_resource.enable_sidecar_injector",
            "null_resource.get_credentials",
            "null_resource.secret_ns_creation"
          ]
        }
      ]
    },
    {
      "mode": "managed",
      "type": "null_resource",
      "name": "deploy_sidecar_injector",
      "provider": "provider[\"registry.terraform.io/hashicorp/null\"]",
      "instances": [
        {
          "schema_version": 0,
          "attributes": {
            "id": "335587762946561374",
            "triggers": null
          },
          "sensitive_attributes": [],
          "dependencies": [
            "data.google_client_config.default",
            "data.google_container_cluster.default",
            "google_container_cluster.traffic-director-cluster",
            "kubernetes_secret.istio-sidecar-injector",
            "null_resource.get_credentials",
            "null_resource.secret_ns_creation"
          ]
        }
      ]
    },
    {
      "mode": "managed",
      "type": "null_resource",
      "name": "enable_sidecar_injector",
      "provider": "provider[\"registry.terraform.io/hashicorp/null\"]",
      "instances": [
        {
          "schema_version": 0,
          "attributes": {
            "id": "3669126197476859917",
            "triggers": null
          },
          "sensitive_attributes": [],
          "dependencies": [
            "data.google_client_config.default",
            "data.google_container_cluster.default",
            "google_container_cluster.traffic-director-cluster",
            "kubernetes_secret.istio-sidecar-injector",
            "null_resource.deploy_sidecar_injector",
            "null_resource.get_credentials",
            "null_resource.secret_ns_creation"
          ]
        }
      ]
    },
    {
      "mode": "managed",
      "type": "null_resource",
      "name": "get_credentials",
      "provider": "provider[\"registry.terraform.io/hashicorp/null\"]",
      "instances": [
        {
          "schema_version": 0,
          "attributes": {
            "id": "6882978856013339422",
            "triggers": null
          },
          "sensitive_attributes": [],
          "dependencies": [
            "google_container_cluster.traffic-director-cluster"
          ]
        }
      ]
    },
    {
      "mode": "managed",
      "type": "null_resource",
      "name": "secret_ns_creation",
      "provider": "provider[\"registry.terraform.io/hashicorp/null\"]",
      "instances": [
        {
          "schema_version": 0,
          "attributes": {
            "id": "8618844059365981199",
            "triggers": null
          },
          "sensitive_attributes": [],
          "dependencies": [
            "google_container_cluster.traffic-director-cluster",
            "null_resource.get_credentials"
          ]
        }
      ]
    }
  ],
  "check_results": null
}
