{
  "version": 4,
  "terraform_version": "1.3.5",
  "serial": 969,
  "lineage": "88c432e5-3c72-0dc7-3ff8-416ea854b320",
  "outputs": {},
  "resources": [
    {
      "mode": "data",
      "type": "google_client_config",
      "name": "default",
      "provider": "provider[\"registry.terraform.io/hashicorp/google\"]",
      "instances": [
        {
          "schema_version": 0,
          "attributes": {
            "access_token": "ya29.a0AX9GBdUBFwjSCqEGbsYJIzRMbj0Ts8WLW3TOyZMJGCKSWUKpcCBqb8RTESf75wPOTPn_yg8yP9Kb8lseGyGwgyZRg2Vfi4rp5MduaftXihpM6FhrD05BlxajvtVTVh2eE3ixbKzAfLCfUlXqrVA2cqce0bITt91UaCgYKAcYSAQASFQHUCsbCggNwcuVycbWHkcBvL7Bg0g0167",
            "id": "projects/gke-envoy-setup/regions//zones/",
            "project": "gke-envoy-setup",
            "region": "",
            "zone": ""
          },
          "sensitive_attributes": []
        }
      ]
    },
    {
      "mode": "data",
      "type": "google_compute_default_service_account",
      "name": "default",
      "provider": "provider[\"registry.terraform.io/hashicorp/google\"]",
      "instances": [
        {
          "schema_version": 0,
          "attributes": {
            "display_name": "Compute Engine default service account",
            "email": "629996305394-compute@developer.gserviceaccount.com",
            "id": "projects/gke-envoy-setup/serviceAccounts/629996305394-compute@developer.gserviceaccount.com",
            "name": "projects/gke-envoy-setup/serviceAccounts/629996305394-compute@developer.gserviceaccount.com",
            "project": "gke-envoy-setup",
            "unique_id": "117020862069890363676"
          },
          "sensitive_attributes": []
        }
      ]
    },
    {
      "mode": "data",
      "type": "google_compute_network_endpoint_group",
      "name": "gcpneg",
      "provider": "provider[\"registry.terraform.io/hashicorp/google\"]",
      "instances": [
        {
          "schema_version": 0,
          "attributes": {
            "default_port": 0,
            "description": "{\"cluster-uid\":\"ba301a6c-ed75-4a38-a541-5a41594ef166\",\"namespace\":\"default\",\"service-name\":\"service-test\",\"port\":\"80\"}",
            "id": "projects/gke-envoy-setup/zones/us-central1-a/networkEndpointGroups/service-test-neg",
            "name": "service-test-neg",
            "network": "https://www.googleapis.com/compute/v1/projects/gke-envoy-setup/global/networks/default",
            "network_endpoint_type": "GCE_VM_IP_PORT",
            "project": "gke-envoy-setup",
            "self_link": "https://www.googleapis.com/compute/v1/projects/gke-envoy-setup/zones/us-central1-a/networkEndpointGroups/service-test-neg",
            "size": 0,
            "subnetwork": "https://www.googleapis.com/compute/v1/projects/gke-envoy-setup/regions/us-central1/subnetworks/default",
            "zone": "https://www.googleapis.com/compute/v1/projects/gke-envoy-setup/zones/us-central1-a"
          },
          "sensitive_attributes": []
        }
      ]
    },
    {
      "mode": "data",
      "type": "google_container_cluster",
      "name": "default",
      "provider": "provider[\"registry.terraform.io/hashicorp/google\"]",
      "instances": [
        {
          "schema_version": 0,
          "attributes": {
            "addons_config": [
              {
                "cloudrun_config": [],
                "dns_cache_config": [],
                "gce_persistent_disk_csi_driver_config": [
                  {
                    "enabled": true
                  }
                ],
                "gcp_filestore_csi_driver_config": [],
                "gke_backup_agent_config": [],
                "horizontal_pod_autoscaling": [],
                "http_load_balancing": [],
                "network_policy_config": [
                  {
                    "disabled": true
                  }
                ]
              }
            ],
            "authenticator_groups_config": [],
            "binary_authorization": [
              {
                "enabled": false,
                "evaluation_mode": ""
              }
            ],
            "cluster_autoscaling": [
              {
                "auto_provisioning_defaults": [],
                "enabled": false,
                "resource_limits": []
              }
            ],
            "cluster_ipv4_cidr": "10.48.0.0/14",
            "confidential_nodes": [],
            "cost_management_config": [],
            "database_encryption": [
              {
                "key_name": "",
                "state": "DECRYPTED"
              }
            ],
            "datapath_provider": "",
            "default_max_pods_per_node": 110,
            "default_snat_status": [
              {
                "disabled": false
              }
            ],
            "description": "",
            "dns_config": [],
            "enable_autopilot": false,
            "enable_binary_authorization": false,
            "enable_intranode_visibility": false,
            "enable_kubernetes_alpha": false,
            "enable_l4_ilb_subsetting": false,
            "enable_legacy_abac": false,
            "enable_shielded_nodes": true,
            "enable_tpu": false,
            "endpoint": "34.70.229.198",
            "gateway_api_config": [],
            "id": "projects/gke-envoy-setup/locations/us-central1-a/clusters/traffic-director-cluster",
            "initial_node_count": 3,
            "ip_allocation_policy": [
              {
                "cluster_ipv4_cidr_block": "10.48.0.0/14",
                "cluster_secondary_range_name": "gke-traffic-director-cluster-pods-34c1346d",
                "services_ipv4_cidr_block": "10.52.0.0/20",
                "services_secondary_range_name": "gke-traffic-director-cluster-services-34c1346d"
              }
            ],
            "label_fingerprint": "a9dc16a7",
            "location": "us-central1-a",
            "logging_config": [
              {
                "enable_components": [
                  "SYSTEM_COMPONENTS",
                  "WORKLOADS"
                ]
              }
            ],
            "logging_service": "logging.googleapis.com/kubernetes",
            "maintenance_policy": [],
            "master_auth": [
              {
                "client_certificate": "",
                "client_certificate_config": [
                  {
                    "issue_client_certificate": false
                  }
                ],
                "client_key": "",
                "cluster_ca_certificate": "LS0tLS1CRUdJTiBDRVJUSUZJQ0FURS0tLS0tCk1JSUVMRENDQXBTZ0F3SUJBZ0lRV0gzNDBESkpHUndpOUsvUGxnVDZ0akFOQmdrcWhraUc5dzBCQVFzRkFEQXYKTVMwd0t3WURWUVFERXlRNVlXTmtOamcwT1MwNVpHWXlMVFF3WWpJdFlqUXlZaTFoTURBM09XUTVOamN4TXpBdwpJQmNOTWpNd01UQTJNRGMxT1RJd1doZ1BNakExTWpFeU1qa3dPRFU1TWpCYU1DOHhMVEFyQmdOVkJBTVRKRGxoClkyUTJPRFE1TFRsa1pqSXROREJpTWkxaU5ESmlMV0V3TURjNVpEazJOekV6TURDQ0FhSXdEUVlKS29aSWh2Y04KQVFFQkJRQURnZ0dQQURDQ0FZb0NnZ0dCQU5HVnc1M1FYS0lHYWd2b0xQZTJwRnUrRXhBN01qSnRQMmVsMkd1bwpzOS9BTnI5WnNHc05UMld5QzFvanRXc1VsbmJrZ0JQZ1JVeTFBWHJPNG9MZlF4ajBpM1JBTGZxVzJLRXYrc09VCndOU29aWWZNYkNkcCtYcU5DM0UrK00wMnY0MjFVQ0JJZUxLMXplV3N5emtWMTBiTUgwMGVYeHpPRm5oTWtZVUQKL0JPZW5BeWlPRWNrQ2lBQnZJaWVMMG5CT1gvWVhmUElRZ2tNU2VmUHQvRnlKZ1krN1kzNUhieDdVaDVFY1VxbApJVTNoRW1Uck5YdlZTblZyY1lHNHFjR1RibWhXR0dhSHdvZG8rYVZTRjNnd1V2Qkl2SHVCSGwvQW9RUzBWQkkrCnpGeTJtRVZzZEJkRS9pdmtmK1lwMzM0NW9YRktHbFFjc3VuVzhWdEhRcjJiNzdWbmJrdlFHS0E2blFNOUsxSjYKWkF4NTREeGVhNGZMV0NGZFM0aFExdmI1cTVWNGllc2g5dHRRWjB1MTJxOHFENHA0eG1yWnBDUEY1UFRUN1h2cQpCYjhFNUtaMktNVVV4STZPd3RVV3BWZ05UdmVOYnJVMXNzRnROclVQT055WjBpaUVWeXl6bkpUSXR2b2NPdDFTCk1Da2NtazJVK1N0amRhaDR1YnNhUnpWQmt3SURBUUFCbzBJd1FEQU9CZ05WSFE4QkFmOEVCQU1DQWdRd0R3WUQKVlIwVEFRSC9CQVV3QXdFQi96QWRCZ05WSFE0RUZnUVVvN2xzbFFXNjNxUld1SmhQcjA4V2pESFJVVDR3RFFZSgpLb1pJaHZjTkFRRUxCUUFEZ2dHQkFFNTdaSVdJSmFxV1hiVjE2cHpqK1BsN2dZeU9GSmQyNVVJeUI2Y2xBbkpPCkpmL04ya3plMG1MN3RYYnJoK3lNSGduWUJ0a2djYnJFMEova2Vnb3U0eEVOQ2FiMmJJVlFrUThXaDNyYUVadWsKZFN1WHZGMk9kSjFMRFcxQkNpQ0xzSDVwOFpHNDVOV3hWc0hvVkk3d0h4YTNIMGtEVVZoOXFNbTZVSjNNT1VqVApNQ2tTK2QrdmJvamp6ZDRKem9hdmJid3FFanYwU0ErS000Q3NuMTlYTzlDbjA4dG9rbHRwTis4bDlsNy9PRmdICkFPU2NFMDR2dTQ0WkRYdWcxT0xHU2VvcWUyRmc2RDhRVWp0UENnVnlHUVk4Z29kdTlEQTFzWG8wSVF0cHJ6TkEKbXhCR3EvTlpRR2NMZm1TWUN5c2tqZDhCOFV6dit2SzVndjNZMUZreVQ4cWNPdzIzeHUvYmZkTUdVa21KSTlYUgpXN2JUbVpCNUhkTCtDelAxUkY0TE13Wk52dG90SHQrVUN0cjJJOGdFRzhnWm1MRFhzRDc3RklvdGFUREJYSWlkCndyZTVpR1p4ZTFtTEIxYjdRRHRUZ2FDU2dBNi9XNWYxejd6MXZLSE5KdmgyRWFraUdDSlZ6V0lFcC9qbFk2MDcKMXJUbmtDVjZrQWVNWkdDK3AyMkdwZz09Ci0tLS0tRU5EIENFUlRJRklDQVRFLS0tLS0K"
              }
            ],
            "master_authorized_networks_config": [],
            "master_version": "1.24.7-gke.900",
            "mesh_certificates": [],
            "min_master_version": null,
            "monitoring_config": [
              {
                "enable_components": [
                  "SYSTEM_COMPONENTS"
                ],
                "managed_prometheus": []
              }
            ],
            "monitoring_service": "monitoring.googleapis.com/kubernetes",
            "name": "traffic-director-cluster",
            "network": "projects/gke-envoy-setup/global/networks/default",
            "network_policy": [
              {
                "enabled": false,
                "provider": "PROVIDER_UNSPECIFIED"
              }
            ],
            "networking_mode": "VPC_NATIVE",
            "node_config": [
              {
                "boot_disk_kms_key": "",
                "disk_size_gb": 10,
                "disk_type": "pd-balanced",
                "gcfs_config": [],
                "guest_accelerator": [],
                "gvnic": [],
                "image_type": "COS_CONTAINERD",
                "labels": {},
                "local_ssd_count": 0,
                "logging_variant": "DEFAULT",
                "machine_type": "e2-medium",
                "metadata": {
                  "disable-legacy-endpoints": "true"
                },
                "min_cpu_platform": "",
                "node_group": "",
                "oauth_scopes": [
                  "https://www.googleapis.com/auth/cloud-platform"
                ],
                "preemptible": false,
                "reservation_affinity": [],
                "resource_labels": {},
                "service_account": "default",
                "shielded_instance_config": [
                  {
                    "enable_integrity_monitoring": true,
                    "enable_secure_boot": false
                  }
                ],
                "spot": false,
                "tags": [],
                "taint": [],
                "workload_metadata_config": []
              }
            ],
            "node_locations": [],
            "node_pool": [
              {
                "autoscaling": [],
                "initial_node_count": 3,
                "instance_group_urls": [
                  "https://www.googleapis.com/compute/v1/projects/gke-envoy-setup/zones/us-central1-a/instanceGroupManagers/gke-traffic-director-clu-default-pool-ff160429-grp"
                ],
                "managed_instance_group_urls": [
                  "https://www.googleapis.com/compute/v1/projects/gke-envoy-setup/zones/us-central1-a/instanceGroups/gke-traffic-director-clu-default-pool-ff160429-grp"
                ],
                "management": [
                  {
                    "auto_repair": true,
                    "auto_upgrade": true
                  }
                ],
                "max_pods_per_node": 110,
                "name": "default-pool",
                "name_prefix": "",
                "network_config": [
                  {
                    "create_pod_range": false,
                    "enable_private_nodes": false,
                    "pod_ipv4_cidr_block": "10.48.0.0/14",
                    "pod_range": "gke-traffic-director-cluster-pods-34c1346d"
                  }
                ],
                "node_config": [
                  {
                    "boot_disk_kms_key": "",
                    "disk_size_gb": 10,
                    "disk_type": "pd-balanced",
                    "gcfs_config": [],
                    "guest_accelerator": [],
                    "gvnic": [],
                    "image_type": "COS_CONTAINERD",
                    "labels": {},
                    "local_ssd_count": 0,
                    "logging_variant": "DEFAULT",
                    "machine_type": "e2-medium",
                    "metadata": {
                      "disable-legacy-endpoints": "true"
                    },
                    "min_cpu_platform": "",
                    "node_group": "",
                    "oauth_scopes": [
                      "https://www.googleapis.com/auth/cloud-platform"
                    ],
                    "preemptible": false,
                    "reservation_affinity": [],
                    "resource_labels": {},
                    "service_account": "default",
                    "shielded_instance_config": [
                      {
                        "enable_integrity_monitoring": true,
                        "enable_secure_boot": false
                      }
                    ],
                    "spot": false,
                    "tags": [],
                    "taint": [],
                    "workload_metadata_config": []
                  }
                ],
                "node_count": 3,
                "node_locations": [
                  "us-central1-a"
                ],
                "upgrade_settings": [
                  {
                    "blue_green_settings": [],
                    "max_surge": 1,
                    "max_unavailable": 0,
                    "strategy": "SURGE"
                  }
                ],
                "version": "1.24.7-gke.900"
              }
            ],
            "node_pool_defaults": [
              {
                "node_config_defaults": [
                  {
                    "logging_variant": "DEFAULT"
                  }
                ]
              }
            ],
            "node_version": "1.24.7-gke.900",
            "notification_config": [
              {
                "pubsub": [
                  {
                    "enabled": false,
                    "filter": [],
                    "topic": ""
                  }
                ]
              }
            ],
            "operation": null,
            "private_cluster_config": [
              {
                "enable_private_endpoint": false,
                "enable_private_nodes": true,
                "master_global_access_config": [
                  {
                    "enabled": false
                  }
                ],
                "master_ipv4_cidr_block": "10.0.0.0/28",
                "peering_name": "gke-n838280750c631f68785-a65d-6bff-peer",
                "private_endpoint": "10.0.0.2",
                "private_endpoint_subnetwork": "",
                "public_endpoint": "34.70.229.198"
              }
            ],
            "private_ipv6_google_access": "",
            "project": "gke-envoy-setup",
            "release_channel": [
              {
                "channel": "REGULAR"
              }
            ],
            "remove_default_node_pool": null,
            "resource_labels": {},
            "resource_usage_export_config": [],
            "self_link": "https://container.googleapis.com/v1/projects/gke-envoy-setup/zones/us-central1-a/clusters/traffic-director-cluster",
            "service_external_ips_config": [
              {
                "enabled": false
              }
            ],
            "services_ipv4_cidr": "10.52.0.0/20",
            "subnetwork": "projects/gke-envoy-setup/regions/us-central1/subnetworks/default",
            "tpu_ipv4_cidr_block": "",
            "vertical_pod_autoscaling": [],
            "workload_identity_config": []
          },
          "sensitive_attributes": []
        }
      ]
    },
    {
      "mode": "data",
      "type": "local_file",
      "name": "firewall",
      "provider": "provider[\"registry.terraform.io/hashicorp/local\"]",
      "instances": [
        {
          "schema_version": 0,
          "attributes": {
            "content": "gke-traffic-director-cluster-34c1346d-master\r\n",
            "content_base64": "Z2tlLXRyYWZmaWMtZGlyZWN0b3ItY2x1c3Rlci0zNGMxMzQ2ZC1tYXN0ZXINCg==",
            "filename": "firewall.txt",
            "id": "f544ba5bc699fa94dad8a39279ff4d9330537c1f"
          },
          "sensitive_attributes": []
        }
      ]
    },
    {
      "mode": "managed",
      "type": "google_compute_backend_service",
      "name": "td-gke-service",
      "provider": "provider[\"registry.terraform.io/hashicorp/google\"]",
      "instances": [
        {
          "schema_version": 1,
          "attributes": {
            "affinity_cookie_ttl_sec": 0,
            "backend": [
              {
                "balancing_mode": "RATE",
                "capacity_scaler": 1,
                "description": "",
                "group": "https://www.googleapis.com/compute/v1/projects/gke-envoy-setup/zones/us-central1-a/networkEndpointGroups/service-test-neg",
                "max_connections": 0,
                "max_connections_per_endpoint": 0,
                "max_connections_per_instance": 0,
                "max_rate": 0,
                "max_rate_per_endpoint": 5,
                "max_rate_per_instance": 0,
                "max_utilization": 0
              }
            ],
            "cdn_policy": [],
            "circuit_breakers": [],
            "compression_mode": "",
            "connection_draining_timeout_sec": 300,
            "consistent_hash": [],
            "creation_timestamp": "2023-01-06T01:05:44.869-08:00",
            "custom_request_headers": null,
            "custom_response_headers": null,
            "description": "",
            "enable_cdn": false,
            "fingerprint": "-DILRIOXEV0=",
            "health_checks": [
              "projects/gke-envoy-setup/global/healthChecks/td-gke-health-check"
            ],
            "iap": [],
            "id": "projects/gke-envoy-setup/global/backendServices/td-gke-service",
            "load_balancing_scheme": "INTERNAL_SELF_MANAGED",
            "locality_lb_policy": "",
            "log_config": [],
            "name": "td-gke-service",
            "outlier_detection": [],
            "port_name": "http",
            "project": "gke-envoy-setup",
            "protocol": "HTTP",
            "security_policy": "",
            "security_settings": [],
            "self_link": "https://www.googleapis.com/compute/v1/projects/gke-envoy-setup/global/backendServices/td-gke-service",
            "session_affinity": "NONE",
            "timeout_sec": 30,
            "timeouts": null
          },
          "sensitive_attributes": [],
          "private": "eyJlMmJmYjczMC1lY2FhLTExZTYtOGY4OC0zNDM2M2JjN2M0YzAiOnsiY3JlYXRlIjoxMjAwMDAwMDAwMDAwLCJkZWxldGUiOjEyMDAwMDAwMDAwMDAsInVwZGF0ZSI6MTIwMDAwMDAwMDAwMH0sInNjaGVtYV92ZXJzaW9uIjoiMSJ9",
          "dependencies": [
            "data.google_client_config.default",
            "data.google_compute_network_endpoint_group.gcpneg",
            "data.google_container_cluster.default",
            "data.local_file.firewall",
            "google_compute_health_check.td-gke-health-check",
            "google_container_cluster.traffic-director-cluster",
            "kubernetes_secret.istio-sidecar-injector",
            "null_resource.deploy_kubernetes_service",
            "null_resource.deploy_sample_client",
            "null_resource.deploy_sidecar_injector",
            "null_resource.enable_sidecar_injector",
            "null_resource.get_credentials",
            "null_resource.get_firewall_details",
            "null_resource.secret_ns_creation",
            "null_resource.update_firewall_rule",
            "tls_private_key.privatekey",
            "tls_self_signed_cert.cakey"
          ]
        }
      ]
    },
    {
      "mode": "managed",
      "type": "google_compute_firewall",
      "name": "fw-allow-health-checks",
      "provider": "provider[\"registry.terraform.io/hashicorp/google\"]",
      "instances": [
        {
          "schema_version": 1,
          "attributes": {
            "allow": [
              {
                "ports": [],
                "protocol": "tcp"
              }
            ],
            "creation_timestamp": "2023-01-06T00:59:20.098-08:00",
            "deny": [],
            "description": "",
            "destination_ranges": [],
            "direction": "INGRESS",
            "disabled": false,
            "enable_logging": null,
            "id": "projects/gke-envoy-setup/global/firewalls/fw-allow-health-checks",
            "log_config": [],
            "name": "fw-allow-health-checks",
            "network": "https://www.googleapis.com/compute/v1/projects/gke-envoy-setup/global/networks/default",
            "priority": 1000,
            "project": "gke-envoy-setup",
            "self_link": "https://www.googleapis.com/compute/v1/projects/gke-envoy-setup/global/firewalls/fw-allow-health-checks",
            "source_ranges": [
              "130.211.0.0/22",
              "35.191.0.0/16"
            ],
            "source_service_accounts": null,
            "source_tags": null,
            "target_service_accounts": null,
            "target_tags": null,
            "timeouts": null
          },
          "sensitive_attributes": [],
          "private": "eyJlMmJmYjczMC1lY2FhLTExZTYtOGY4OC0zNDM2M2JjN2M0YzAiOnsiY3JlYXRlIjoxMjAwMDAwMDAwMDAwLCJkZWxldGUiOjEyMDAwMDAwMDAwMDAsInVwZGF0ZSI6MTIwMDAwMDAwMDAwMH0sInNjaGVtYV92ZXJzaW9uIjoiMSJ9"
        }
      ]
    },
    {
      "mode": "managed",
      "type": "google_compute_global_forwarding_rule",
      "name": "td-gke-forwarding-rule",
      "provider": "provider[\"registry.terraform.io/hashicorp/google\"]",
      "instances": [
        {
          "schema_version": 0,
          "attributes": {
            "description": "",
            "id": "projects/gke-envoy-setup/global/forwardingRules/td-gke-forwarding-rule",
            "ip_address": "0.0.0.0",
            "ip_protocol": "TCP",
            "ip_version": "",
            "label_fingerprint": "42WmSpB8rSM=",
            "labels": null,
            "load_balancing_scheme": "INTERNAL_SELF_MANAGED",
            "metadata_filters": [],
            "name": "td-gke-forwarding-rule",
            "network": "default",
            "port_range": "80",
            "project": "gke-envoy-setup",
            "psc_connection_id": "",
            "psc_connection_status": "",
            "self_link": "https://www.googleapis.com/compute/v1/projects/gke-envoy-setup/global/forwardingRules/td-gke-forwarding-rule",
            "target": "projects/gke-envoy-setup/global/targetHttpProxies/td-gke-proxy",
            "timeouts": null
          },
          "sensitive_attributes": [],
          "private": "eyJlMmJmYjczMC1lY2FhLTExZTYtOGY4OC0zNDM2M2JjN2M0YzAiOnsiY3JlYXRlIjoxMjAwMDAwMDAwMDAwLCJkZWxldGUiOjEyMDAwMDAwMDAwMDAsInVwZGF0ZSI6MTIwMDAwMDAwMDAwMH19",
          "dependencies": [
            "data.google_client_config.default",
            "data.google_compute_network_endpoint_group.gcpneg",
            "data.google_container_cluster.default",
            "data.local_file.firewall",
            "google_compute_backend_service.td-gke-service",
            "google_compute_health_check.td-gke-health-check",
            "google_compute_target_http_proxy.td-gke-proxy",
            "google_compute_url_map.td-gke-url-map",
            "google_container_cluster.traffic-director-cluster",
            "kubernetes_secret.istio-sidecar-injector",
            "null_resource.deploy_kubernetes_service",
            "null_resource.deploy_sample_client",
            "null_resource.deploy_sidecar_injector",
            "null_resource.enable_sidecar_injector",
            "null_resource.get_credentials",
            "null_resource.get_firewall_details",
            "null_resource.secret_ns_creation",
            "null_resource.update_firewall_rule",
            "tls_private_key.privatekey",
            "tls_self_signed_cert.cakey"
          ]
        }
      ]
    },
    {
      "mode": "managed",
      "type": "google_compute_health_check",
      "name": "td-gke-health-check",
      "provider": "provider[\"registry.terraform.io/hashicorp/google\"]",
      "instances": [
        {
          "schema_version": 0,
          "attributes": {
            "check_interval_sec": 5,
            "creation_timestamp": "2023-01-06T00:59:20.048-08:00",
            "description": "",
            "grpc_health_check": [],
            "healthy_threshold": 2,
            "http2_health_check": [],
            "http_health_check": [
              {
                "host": "",
                "port": 80,
                "port_name": "",
                "port_specification": "",
                "proxy_header": "NONE",
                "request_path": "/",
                "response": ""
              }
            ],
            "https_health_check": [],
            "id": "projects/gke-envoy-setup/global/healthChecks/td-gke-health-check",
            "log_config": [
              {
                "enable": false
              }
            ],
            "name": "td-gke-health-check",
            "project": "gke-envoy-setup",
            "self_link": "https://www.googleapis.com/compute/v1/projects/gke-envoy-setup/global/healthChecks/td-gke-health-check",
            "ssl_health_check": [],
            "tcp_health_check": [],
            "timeout_sec": 5,
            "timeouts": null,
            "type": "HTTP",
            "unhealthy_threshold": 2
          },
          "sensitive_attributes": [],
          "private": "eyJlMmJmYjczMC1lY2FhLTExZTYtOGY4OC0zNDM2M2JjN2M0YzAiOnsiY3JlYXRlIjoxMjAwMDAwMDAwMDAwLCJkZWxldGUiOjEyMDAwMDAwMDAwMDAsInVwZGF0ZSI6MTIwMDAwMDAwMDAwMH19"
        }
      ]
    },
    {
      "mode": "managed",
      "type": "google_compute_target_http_proxy",
      "name": "td-gke-proxy",
      "provider": "provider[\"registry.terraform.io/hashicorp/google\"]",
      "instances": [
        {
          "schema_version": 0,
          "attributes": {
            "creation_timestamp": "2023-01-06T01:06:41.073-08:00",
            "description": "",
            "id": "projects/gke-envoy-setup/global/targetHttpProxies/td-gke-proxy",
            "name": "td-gke-proxy",
            "project": "gke-envoy-setup",
            "proxy_bind": false,
            "proxy_id": 2792495517494041166,
            "self_link": "https://www.googleapis.com/compute/v1/projects/gke-envoy-setup/global/targetHttpProxies/td-gke-proxy",
            "timeouts": null,
            "url_map": "https://www.googleapis.com/compute/v1/projects/gke-envoy-setup/global/urlMaps/td-gke-url-map"
          },
          "sensitive_attributes": [],
          "private": "eyJlMmJmYjczMC1lY2FhLTExZTYtOGY4OC0zNDM2M2JjN2M0YzAiOnsiY3JlYXRlIjoxMjAwMDAwMDAwMDAwLCJkZWxldGUiOjEyMDAwMDAwMDAwMDAsInVwZGF0ZSI6MTIwMDAwMDAwMDAwMH19",
          "dependencies": [
            "data.google_client_config.default",
            "data.google_compute_network_endpoint_group.gcpneg",
            "data.google_container_cluster.default",
            "data.local_file.firewall",
            "google_compute_backend_service.td-gke-service",
            "google_compute_health_check.td-gke-health-check",
            "google_compute_url_map.td-gke-url-map",
            "google_container_cluster.traffic-director-cluster",
            "kubernetes_secret.istio-sidecar-injector",
            "null_resource.deploy_kubernetes_service",
            "null_resource.deploy_sample_client",
            "null_resource.deploy_sidecar_injector",
            "null_resource.enable_sidecar_injector",
            "null_resource.get_credentials",
            "null_resource.get_firewall_details",
            "null_resource.secret_ns_creation",
            "null_resource.update_firewall_rule",
            "tls_private_key.privatekey",
            "tls_self_signed_cert.cakey"
          ]
        }
      ]
    },
    {
      "mode": "managed",
      "type": "google_compute_url_map",
      "name": "td-gke-url-map",
      "provider": "provider[\"registry.terraform.io/hashicorp/google\"]",
      "instances": [
        {
          "schema_version": 0,
          "attributes": {
            "creation_timestamp": "2023-01-06T01:06:28.720-08:00",
            "default_route_action": [],
            "default_service": "https://www.googleapis.com/compute/v1/projects/gke-envoy-setup/global/backendServices/td-gke-service",
            "default_url_redirect": [],
            "description": "",
            "fingerprint": "pyFYNN_oV6A=",
            "header_action": [],
            "host_rule": [
              {
                "description": "",
                "hosts": [
                  "service-test"
                ],
                "path_matcher": "td-gke-path-matcher"
              }
            ],
            "id": "projects/gke-envoy-setup/global/urlMaps/td-gke-url-map",
            "map_id": 6896358767644531323,
            "name": "td-gke-url-map",
            "path_matcher": [
              {
                "default_route_action": [],
                "default_service": "https://www.googleapis.com/compute/v1/projects/gke-envoy-setup/global/backendServices/td-gke-service",
                "default_url_redirect": [],
                "description": "",
                "header_action": [],
                "name": "td-gke-path-matcher",
                "path_rule": [],
                "route_rules": []
              }
            ],
            "project": "gke-envoy-setup",
            "self_link": "https://www.googleapis.com/compute/v1/projects/gke-envoy-setup/global/urlMaps/td-gke-url-map",
            "test": [],
            "timeouts": null
          },
          "sensitive_attributes": [],
          "private": "eyJlMmJmYjczMC1lY2FhLTExZTYtOGY4OC0zNDM2M2JjN2M0YzAiOnsiY3JlYXRlIjoxMjAwMDAwMDAwMDAwLCJkZWxldGUiOjEyMDAwMDAwMDAwMDAsInVwZGF0ZSI6MTIwMDAwMDAwMDAwMH19",
          "dependencies": [
            "data.google_client_config.default",
            "data.google_compute_network_endpoint_group.gcpneg",
            "data.google_container_cluster.default",
            "data.local_file.firewall",
            "google_compute_backend_service.td-gke-service",
            "google_compute_health_check.td-gke-health-check",
            "google_container_cluster.traffic-director-cluster",
            "kubernetes_secret.istio-sidecar-injector",
            "null_resource.deploy_kubernetes_service",
            "null_resource.deploy_sample_client",
            "null_resource.deploy_sidecar_injector",
            "null_resource.enable_sidecar_injector",
            "null_resource.get_credentials",
            "null_resource.get_firewall_details",
            "null_resource.secret_ns_creation",
            "null_resource.update_firewall_rule",
            "tls_private_key.privatekey",
            "tls_self_signed_cert.cakey"
          ]
        }
      ]
    },
    {
      "mode": "managed",
      "type": "google_container_cluster",
      "name": "traffic-director-cluster",
      "provider": "provider[\"registry.terraform.io/hashicorp/google\"]",
      "instances": [
        {
          "schema_version": 1,
          "attributes": {
            "addons_config": [
              {
                "cloudrun_config": [],
                "dns_cache_config": [],
                "gce_persistent_disk_csi_driver_config": [
                  {
                    "enabled": true
                  }
                ],
                "gcp_filestore_csi_driver_config": [],
                "gke_backup_agent_config": [],
                "horizontal_pod_autoscaling": [],
                "http_load_balancing": [],
                "network_policy_config": [
                  {
                    "disabled": true
                  }
                ]
              }
            ],
            "authenticator_groups_config": [],
            "binary_authorization": [
              {
                "enabled": false,
                "evaluation_mode": ""
              }
            ],
            "cluster_autoscaling": [
              {
                "auto_provisioning_defaults": [],
                "enabled": false,
                "resource_limits": []
              }
            ],
            "cluster_ipv4_cidr": "10.48.0.0/14",
            "confidential_nodes": [],
            "cost_management_config": [],
            "database_encryption": [
              {
                "key_name": "",
                "state": "DECRYPTED"
              }
            ],
            "datapath_provider": "",
            "default_max_pods_per_node": 110,
            "default_snat_status": [
              {
                "disabled": false
              }
            ],
            "description": "",
            "dns_config": [],
            "enable_autopilot": false,
            "enable_binary_authorization": false,
            "enable_intranode_visibility": false,
            "enable_kubernetes_alpha": false,
            "enable_l4_ilb_subsetting": false,
            "enable_legacy_abac": false,
            "enable_shielded_nodes": true,
            "enable_tpu": false,
            "endpoint": "34.70.229.198",
            "gateway_api_config": [],
            "id": "projects/gke-envoy-setup/locations/us-central1-a/clusters/traffic-director-cluster",
            "initial_node_count": 3,
            "ip_allocation_policy": [
              {
                "cluster_ipv4_cidr_block": "10.48.0.0/14",
                "cluster_secondary_range_name": "gke-traffic-director-cluster-pods-34c1346d",
                "services_ipv4_cidr_block": "10.52.0.0/20",
                "services_secondary_range_name": "gke-traffic-director-cluster-services-34c1346d"
              }
            ],
            "label_fingerprint": "a9dc16a7",
            "location": "us-central1-a",
            "logging_config": [
              {
                "enable_components": [
                  "SYSTEM_COMPONENTS",
                  "WORKLOADS"
                ]
              }
            ],
            "logging_service": "logging.googleapis.com/kubernetes",
            "maintenance_policy": [],
            "master_auth": [
              {
                "client_certificate": "",
                "client_certificate_config": [
                  {
                    "issue_client_certificate": false
                  }
                ],
                "client_key": "",
                "cluster_ca_certificate": "LS0tLS1CRUdJTiBDRVJUSUZJQ0FURS0tLS0tCk1JSUVMRENDQXBTZ0F3SUJBZ0lRV0gzNDBESkpHUndpOUsvUGxnVDZ0akFOQmdrcWhraUc5dzBCQVFzRkFEQXYKTVMwd0t3WURWUVFERXlRNVlXTmtOamcwT1MwNVpHWXlMVFF3WWpJdFlqUXlZaTFoTURBM09XUTVOamN4TXpBdwpJQmNOTWpNd01UQTJNRGMxT1RJd1doZ1BNakExTWpFeU1qa3dPRFU1TWpCYU1DOHhMVEFyQmdOVkJBTVRKRGxoClkyUTJPRFE1TFRsa1pqSXROREJpTWkxaU5ESmlMV0V3TURjNVpEazJOekV6TURDQ0FhSXdEUVlKS29aSWh2Y04KQVFFQkJRQURnZ0dQQURDQ0FZb0NnZ0dCQU5HVnc1M1FYS0lHYWd2b0xQZTJwRnUrRXhBN01qSnRQMmVsMkd1bwpzOS9BTnI5WnNHc05UMld5QzFvanRXc1VsbmJrZ0JQZ1JVeTFBWHJPNG9MZlF4ajBpM1JBTGZxVzJLRXYrc09VCndOU29aWWZNYkNkcCtYcU5DM0UrK00wMnY0MjFVQ0JJZUxLMXplV3N5emtWMTBiTUgwMGVYeHpPRm5oTWtZVUQKL0JPZW5BeWlPRWNrQ2lBQnZJaWVMMG5CT1gvWVhmUElRZ2tNU2VmUHQvRnlKZ1krN1kzNUhieDdVaDVFY1VxbApJVTNoRW1Uck5YdlZTblZyY1lHNHFjR1RibWhXR0dhSHdvZG8rYVZTRjNnd1V2Qkl2SHVCSGwvQW9RUzBWQkkrCnpGeTJtRVZzZEJkRS9pdmtmK1lwMzM0NW9YRktHbFFjc3VuVzhWdEhRcjJiNzdWbmJrdlFHS0E2blFNOUsxSjYKWkF4NTREeGVhNGZMV0NGZFM0aFExdmI1cTVWNGllc2g5dHRRWjB1MTJxOHFENHA0eG1yWnBDUEY1UFRUN1h2cQpCYjhFNUtaMktNVVV4STZPd3RVV3BWZ05UdmVOYnJVMXNzRnROclVQT055WjBpaUVWeXl6bkpUSXR2b2NPdDFTCk1Da2NtazJVK1N0amRhaDR1YnNhUnpWQmt3SURBUUFCbzBJd1FEQU9CZ05WSFE4QkFmOEVCQU1DQWdRd0R3WUQKVlIwVEFRSC9CQVV3QXdFQi96QWRCZ05WSFE0RUZnUVVvN2xzbFFXNjNxUld1SmhQcjA4V2pESFJVVDR3RFFZSgpLb1pJaHZjTkFRRUxCUUFEZ2dHQkFFNTdaSVdJSmFxV1hiVjE2cHpqK1BsN2dZeU9GSmQyNVVJeUI2Y2xBbkpPCkpmL04ya3plMG1MN3RYYnJoK3lNSGduWUJ0a2djYnJFMEova2Vnb3U0eEVOQ2FiMmJJVlFrUThXaDNyYUVadWsKZFN1WHZGMk9kSjFMRFcxQkNpQ0xzSDVwOFpHNDVOV3hWc0hvVkk3d0h4YTNIMGtEVVZoOXFNbTZVSjNNT1VqVApNQ2tTK2QrdmJvamp6ZDRKem9hdmJid3FFanYwU0ErS000Q3NuMTlYTzlDbjA4dG9rbHRwTis4bDlsNy9PRmdICkFPU2NFMDR2dTQ0WkRYdWcxT0xHU2VvcWUyRmc2RDhRVWp0UENnVnlHUVk4Z29kdTlEQTFzWG8wSVF0cHJ6TkEKbXhCR3EvTlpRR2NMZm1TWUN5c2tqZDhCOFV6dit2SzVndjNZMUZreVQ4cWNPdzIzeHUvYmZkTUdVa21KSTlYUgpXN2JUbVpCNUhkTCtDelAxUkY0TE13Wk52dG90SHQrVUN0cjJJOGdFRzhnWm1MRFhzRDc3RklvdGFUREJYSWlkCndyZTVpR1p4ZTFtTEIxYjdRRHRUZ2FDU2dBNi9XNWYxejd6MXZLSE5KdmgyRWFraUdDSlZ6V0lFcC9qbFk2MDcKMXJUbmtDVjZrQWVNWkdDK3AyMkdwZz09Ci0tLS0tRU5EIENFUlRJRklDQVRFLS0tLS0K"
              }
            ],
            "master_authorized_networks_config": [],
            "master_version": "1.24.7-gke.900",
            "mesh_certificates": [],
            "min_master_version": null,
            "monitoring_config": [
              {
                "enable_components": [
                  "SYSTEM_COMPONENTS"
                ],
                "managed_prometheus": []
              }
            ],
            "monitoring_service": "monitoring.googleapis.com/kubernetes",
            "name": "traffic-director-cluster",
            "network": "projects/gke-envoy-setup/global/networks/default",
            "network_policy": [
              {
                "enabled": false,
                "provider": "PROVIDER_UNSPECIFIED"
              }
            ],
            "networking_mode": "VPC_NATIVE",
            "node_config": [
              {
                "boot_disk_kms_key": "",
                "disk_size_gb": 10,
                "disk_type": "pd-balanced",
                "gcfs_config": [],
                "guest_accelerator": [],
                "gvnic": [],
                "image_type": "COS_CONTAINERD",
                "labels": {},
                "local_ssd_count": 0,
                "logging_variant": "DEFAULT",
                "machine_type": "e2-medium",
                "metadata": {
                  "disable-legacy-endpoints": "true"
                },
                "min_cpu_platform": "",
                "node_group": "",
                "oauth_scopes": [
                  "https://www.googleapis.com/auth/cloud-platform"
                ],
                "preemptible": false,
                "reservation_affinity": [],
                "resource_labels": null,
                "service_account": "default",
                "shielded_instance_config": [
                  {
                    "enable_integrity_monitoring": true,
                    "enable_secure_boot": false
                  }
                ],
                "spot": false,
                "tags": null,
                "taint": [],
                "workload_metadata_config": []
              }
            ],
            "node_locations": [],
            "node_pool": [
              {
                "autoscaling": [],
                "initial_node_count": 3,
                "instance_group_urls": [
                  "https://www.googleapis.com/compute/v1/projects/gke-envoy-setup/zones/us-central1-a/instanceGroupManagers/gke-traffic-director-clu-default-pool-ff160429-grp"
                ],
                "managed_instance_group_urls": [
                  "https://www.googleapis.com/compute/v1/projects/gke-envoy-setup/zones/us-central1-a/instanceGroups/gke-traffic-director-clu-default-pool-ff160429-grp"
                ],
                "management": [
                  {
                    "auto_repair": true,
                    "auto_upgrade": true
                  }
                ],
                "max_pods_per_node": 110,
                "name": "default-pool",
                "name_prefix": "",
                "network_config": [
                  {
                    "create_pod_range": false,
                    "enable_private_nodes": false,
                    "pod_ipv4_cidr_block": "10.48.0.0/14",
                    "pod_range": "gke-traffic-director-cluster-pods-34c1346d"
                  }
                ],
                "node_config": [
                  {
                    "boot_disk_kms_key": "",
                    "disk_size_gb": 10,
                    "disk_type": "pd-balanced",
                    "gcfs_config": [],
                    "guest_accelerator": [],
                    "gvnic": [],
                    "image_type": "COS_CONTAINERD",
                    "labels": {},
                    "local_ssd_count": 0,
                    "logging_variant": "DEFAULT",
                    "machine_type": "e2-medium",
                    "metadata": {
                      "disable-legacy-endpoints": "true"
                    },
                    "min_cpu_platform": "",
                    "node_group": "",
                    "oauth_scopes": [
                      "https://www.googleapis.com/auth/cloud-platform"
                    ],
                    "preemptible": false,
                    "reservation_affinity": [],
                    "resource_labels": {},
                    "service_account": "default",
                    "shielded_instance_config": [
                      {
                        "enable_integrity_monitoring": true,
                        "enable_secure_boot": false
                      }
                    ],
                    "spot": false,
                    "tags": [],
                    "taint": [],
                    "workload_metadata_config": []
                  }
                ],
                "node_count": 3,
                "node_locations": [
                  "us-central1-a"
                ],
                "upgrade_settings": [
                  {
                    "blue_green_settings": [],
                    "max_surge": 1,
                    "max_unavailable": 0,
                    "strategy": "SURGE"
                  }
                ],
                "version": "1.24.7-gke.900"
              }
            ],
            "node_pool_defaults": [
              {
                "node_config_defaults": [
                  {
                    "logging_variant": "DEFAULT"
                  }
                ]
              }
            ],
            "node_version": "1.24.7-gke.900",
            "notification_config": [
              {
                "pubsub": [
                  {
                    "enabled": false,
                    "filter": [],
                    "topic": ""
                  }
                ]
              }
            ],
            "operation": null,
            "private_cluster_config": [
              {
                "enable_private_endpoint": false,
                "enable_private_nodes": true,
                "master_global_access_config": [
                  {
                    "enabled": false
                  }
                ],
                "master_ipv4_cidr_block": "10.0.0.0/28",
                "peering_name": "gke-n838280750c631f68785-a65d-6bff-peer",
                "private_endpoint": "10.0.0.2",
                "private_endpoint_subnetwork": "",
                "public_endpoint": "34.70.229.198"
              }
            ],
            "private_ipv6_google_access": "",
            "project": "gke-envoy-setup",
            "release_channel": [
              {
                "channel": "REGULAR"
              }
            ],
            "remove_default_node_pool": null,
            "resource_labels": null,
            "resource_usage_export_config": [],
            "self_link": "https://container.googleapis.com/v1/projects/gke-envoy-setup/zones/us-central1-a/clusters/traffic-director-cluster",
            "service_external_ips_config": [
              {
                "enabled": false
              }
            ],
            "services_ipv4_cidr": "10.52.0.0/20",
            "subnetwork": "projects/gke-envoy-setup/regions/us-central1/subnetworks/default",
            "timeouts": {
              "create": "30m",
              "delete": null,
              "read": null,
              "update": "40m"
            },
            "tpu_ipv4_cidr_block": "",
            "vertical_pod_autoscaling": [],
            "workload_identity_config": []
          },
          "sensitive_attributes": [],
          "private": "eyJlMmJmYjczMC1lY2FhLTExZTYtOGY4OC0zNDM2M2JjN2M0YzAiOnsiY3JlYXRlIjoxODAwMDAwMDAwMDAwLCJkZWxldGUiOjI0MDAwMDAwMDAwMDAsInJlYWQiOjI0MDAwMDAwMDAwMDAsInVwZGF0ZSI6MjQwMDAwMDAwMDAwMH0sInNjaGVtYV92ZXJzaW9uIjoiMSJ9"
        }
      ]
    },
    {
      "mode": "managed",
      "type": "google_project_iam_binding",
      "name": "compute_networkViewer",
      "provider": "provider[\"registry.terraform.io/hashicorp/google\"]",
      "instances": [
        {
          "schema_version": 0,
          "attributes": {
            "condition": [],
            "etag": "BwXxlKJV8Zc=",
            "id": "gke-envoy-setup/roles/compute.networkViewer",
            "members": [
              "serviceAccount:629996305394-compute@developer.gserviceaccount.com"
            ],
            "project": "gke-envoy-setup",
            "role": "roles/compute.networkViewer"
          },
          "sensitive_attributes": [],
          "private": "bnVsbA==",
          "dependencies": [
            "data.google_compute_default_service_account.default"
          ]
        }
      ]
    },
    {
      "mode": "managed",
      "type": "google_project_iam_binding",
      "name": "trafficdirector_client",
      "provider": "provider[\"registry.terraform.io/hashicorp/google\"]",
      "instances": [
        {
          "schema_version": 0,
          "attributes": {
            "condition": [],
            "etag": "BwXxlKJV8Zc=",
            "id": "gke-envoy-setup/roles/trafficdirector.client",
            "members": [
              "serviceAccount:629996305394-compute@developer.gserviceaccount.com"
            ],
            "project": "gke-envoy-setup",
            "role": "roles/trafficdirector.client"
          },
          "sensitive_attributes": [],
          "private": "bnVsbA==",
          "dependencies": [
            "data.google_compute_default_service_account.default"
          ]
        }
      ]
    },
    {
      "mode": "managed",
      "type": "google_project_service",
      "name": "trafficdirector",
      "provider": "provider[\"registry.terraform.io/hashicorp/google\"]",
      "instances": [
        {
          "schema_version": 0,
          "attributes": {
            "disable_dependent_services": false,
            "disable_on_destroy": false,
            "id": "gke-envoy-setup/trafficdirector.googleapis.com",
            "project": "gke-envoy-setup",
            "service": "trafficdirector.googleapis.com",
            "timeouts": {
              "create": "30m",
              "delete": null,
              "read": null,
              "update": "40m"
            }
          },
          "sensitive_attributes": [],
          "private": "eyJlMmJmYjczMC1lY2FhLTExZTYtOGY4OC0zNDM2M2JjN2M0YzAiOnsiY3JlYXRlIjoxODAwMDAwMDAwMDAwLCJkZWxldGUiOjEyMDAwMDAwMDAwMDAsInJlYWQiOjYwMDAwMDAwMDAwMCwidXBkYXRlIjoyNDAwMDAwMDAwMDAwfX0="
        }
      ]
    },
    {
      "mode": "managed",
      "type": "kubernetes_secret",
      "name": "istio-sidecar-injector",
      "provider": "provider[\"registry.terraform.io/hashicorp/kubernetes\"]",
      "instances": [
        {
          "schema_version": 0,
          "attributes": {
            "binary_data": null,
            "data": {
              "ca-cert.pem": "-----BEGIN CERTIFICATE-----\nMIIFfjCCA2agAwIBAgIQfuGVuaKh4sWMyKi0S5CnqjANBgkqhkiG9w0BAQsFADAz\nMTEwLwYDVQQDEyhpc3Rpby1zaWRlY2FyLWluamVjdG9yLmlzdGlvLWNvbnRyb2wu\nc3ZjMB4XDTIzMDEwNjA5MDUxMVoXDTI0MDEwNjA5MDUxMVowMzExMC8GA1UEAxMo\naXN0aW8tc2lkZWNhci1pbmplY3Rvci5pc3Rpby1jb250cm9sLnN2YzCCAiIwDQYJ\nKoZIhvcNAQEBBQADggIPADCCAgoCggIBAK2ZKtzytQQruFoSMJDVcywCqI5F2zBP\nG/caWKjygRkAB+qd6958Y+E+xZghz4xMJK6PJ4WJm3iyiTf+3eT5G5SBsBJj4UdZ\nEV5+xHmnl3xEwTuMiceTOzTdsNTxyamX5VWSv/ua6gHmA0V7blPRG2llP0B+PfB5\n7bjvgBLTe4aREuJaVtUs6zRzOsQAhXbd9hxJ0EBpW3yWJEsv8XNidIk4osCuAFWf\nDwuKuNmuJSKV+VKNvmQkDw2qoucmaWkOnacuR84ySfmiLr6i6o69kKD095qK7vl9\nXWih/VMFI9RGYVc2mMEOlz9Ha7iKa/P/F2EShBMnQWQFsZkzeFbp91HTuJwTp+IA\npCVkwyd1nPcbVLVdGIvHWMI5vK/Mw9AjQwaNcws3xaU+ZuogfH8pw5gzT6+dalbA\nxrtUV7Zgz6vu5qtcC/aBxJSCaHNmITuiR/Giri7XyfwC4SqdRvMqXjfsQJvrc7GP\nU2Y0Dx9f2X1rycj6W2Ra8kC00qrs11QVmgHeDGUg+UU2N5l+fWwo25yJJ73hc6nt\n+PS3VDP4lo2zxqvC+yPchL3VD0iDbd6WIgQOow7EVoDQxf1O+zkFqDKGdIk+qU4M\nUHXCUSGeWiO6Qk8YEM05cEG1r2xm7a/vbzr/ARIq5i1YiVM6vBa7vALlRuijzHFB\nkzyz0FiXkX1bAgMBAAGjgY0wgYowDgYDVR0PAQH/BAQDAgWgMBMGA1UdJQQMMAoG\nCCsGAQUFBwMBMA8GA1UdEwEB/wQFMAMBAf8wHQYDVR0OBBYEFIP5FpVX/Lj1/Bk4\nd1rufFxg1lWRMDMGA1UdEQQsMCqCKGlzdGlvLXNpZGVjYXItaW5qZWN0b3IuaXN0\naW8tY29udHJvbC5zdmMwDQYJKoZIhvcNAQELBQADggIBAIxrPUd5sURASAe0KUPI\nSwDPPj+8q6iN3LXFCbMuPb+BC2gnu5RHgFflBWexHBbLuCwF8KffOfv453gOwSnD\nfhglObMhEVudDR9619aSPvPoJdaZju17g1mrk2TCZrUcQ7uG/b6vQC6B2IjRZHbc\nDfqVVgZpm2UZ8i+q3qh1zeVxlc1tUfh/EBNMtOo3c94WIjWuF5de8Tvyp18/djzU\nzPr+Xe9gqD/CqbjxhIiUMTkDxd9arg4hYDGB6287JXl89izEcqTlZ7+vM2zgu1Ha\ny6ILHDmSKZw/nOkQz19SRcPQtQEqurnUz59tQmqvE1TgxSpmwUIUQYmEfVtZXcCX\nfKRZKwGDg/Q/oaBp2yaYt/cE81FQVJCUZkrPrveDjhBLLcT5J48f5+pqgB5j6n+r\nbfaLb758e8A/UNMWCCXEdl72Kky8fhkW8vIgNu/8Q7+43FTbBdNAyMV6FrtVs69I\nZbeCGs19Jp1f+cIRedtz6njOEgJrRW3C2Uk3Rf4WwmrPfIMFMwUMt4ZMj1x9iUkt\n8QU3uFAOt+QPLkHk82tnPXCN6J1wdg1XLZTgrXlQWVPcInK1O4REyVRfrEYHcDcD\nIfgSeeDR8gL0OEJdS4jmXiEKvt2b8iud3g6yzGZePu5QI/pgc9EBp7Wyj2uQFRnu\ncV+SvZOmmfK/16Zfg5N6EKBo\n-----END CERTIFICATE-----\n",
              "cert.pem": "-----BEGIN CERTIFICATE-----\nMIIFfjCCA2agAwIBAgIQfuGVuaKh4sWMyKi0S5CnqjANBgkqhkiG9w0BAQsFADAz\nMTEwLwYDVQQDEyhpc3Rpby1zaWRlY2FyLWluamVjdG9yLmlzdGlvLWNvbnRyb2wu\nc3ZjMB4XDTIzMDEwNjA5MDUxMVoXDTI0MDEwNjA5MDUxMVowMzExMC8GA1UEAxMo\naXN0aW8tc2lkZWNhci1pbmplY3Rvci5pc3Rpby1jb250cm9sLnN2YzCCAiIwDQYJ\nKoZIhvcNAQEBBQADggIPADCCAgoCggIBAK2ZKtzytQQruFoSMJDVcywCqI5F2zBP\nG/caWKjygRkAB+qd6958Y+E+xZghz4xMJK6PJ4WJm3iyiTf+3eT5G5SBsBJj4UdZ\nEV5+xHmnl3xEwTuMiceTOzTdsNTxyamX5VWSv/ua6gHmA0V7blPRG2llP0B+PfB5\n7bjvgBLTe4aREuJaVtUs6zRzOsQAhXbd9hxJ0EBpW3yWJEsv8XNidIk4osCuAFWf\nDwuKuNmuJSKV+VKNvmQkDw2qoucmaWkOnacuR84ySfmiLr6i6o69kKD095qK7vl9\nXWih/VMFI9RGYVc2mMEOlz9Ha7iKa/P/F2EShBMnQWQFsZkzeFbp91HTuJwTp+IA\npCVkwyd1nPcbVLVdGIvHWMI5vK/Mw9AjQwaNcws3xaU+ZuogfH8pw5gzT6+dalbA\nxrtUV7Zgz6vu5qtcC/aBxJSCaHNmITuiR/Giri7XyfwC4SqdRvMqXjfsQJvrc7GP\nU2Y0Dx9f2X1rycj6W2Ra8kC00qrs11QVmgHeDGUg+UU2N5l+fWwo25yJJ73hc6nt\n+PS3VDP4lo2zxqvC+yPchL3VD0iDbd6WIgQOow7EVoDQxf1O+zkFqDKGdIk+qU4M\nUHXCUSGeWiO6Qk8YEM05cEG1r2xm7a/vbzr/ARIq5i1YiVM6vBa7vALlRuijzHFB\nkzyz0FiXkX1bAgMBAAGjgY0wgYowDgYDVR0PAQH/BAQDAgWgMBMGA1UdJQQMMAoG\nCCsGAQUFBwMBMA8GA1UdEwEB/wQFMAMBAf8wHQYDVR0OBBYEFIP5FpVX/Lj1/Bk4\nd1rufFxg1lWRMDMGA1UdEQQsMCqCKGlzdGlvLXNpZGVjYXItaW5qZWN0b3IuaXN0\naW8tY29udHJvbC5zdmMwDQYJKoZIhvcNAQELBQADggIBAIxrPUd5sURASAe0KUPI\nSwDPPj+8q6iN3LXFCbMuPb+BC2gnu5RHgFflBWexHBbLuCwF8KffOfv453gOwSnD\nfhglObMhEVudDR9619aSPvPoJdaZju17g1mrk2TCZrUcQ7uG/b6vQC6B2IjRZHbc\nDfqVVgZpm2UZ8i+q3qh1zeVxlc1tUfh/EBNMtOo3c94WIjWuF5de8Tvyp18/djzU\nzPr+Xe9gqD/CqbjxhIiUMTkDxd9arg4hYDGB6287JXl89izEcqTlZ7+vM2zgu1Ha\ny6ILHDmSKZw/nOkQz19SRcPQtQEqurnUz59tQmqvE1TgxSpmwUIUQYmEfVtZXcCX\nfKRZKwGDg/Q/oaBp2yaYt/cE81FQVJCUZkrPrveDjhBLLcT5J48f5+pqgB5j6n+r\nbfaLb758e8A/UNMWCCXEdl72Kky8fhkW8vIgNu/8Q7+43FTbBdNAyMV6FrtVs69I\nZbeCGs19Jp1f+cIRedtz6njOEgJrRW3C2Uk3Rf4WwmrPfIMFMwUMt4ZMj1x9iUkt\n8QU3uFAOt+QPLkHk82tnPXCN6J1wdg1XLZTgrXlQWVPcInK1O4REyVRfrEYHcDcD\nIfgSeeDR8gL0OEJdS4jmXiEKvt2b8iud3g6yzGZePu5QI/pgc9EBp7Wyj2uQFRnu\ncV+SvZOmmfK/16Zfg5N6EKBo\n-----END CERTIFICATE-----\n",
              "key.pem": "-----BEGIN RSA PRIVATE KEY-----\nMIIJKQIBAAKCAgEArZkq3PK1BCu4WhIwkNVzLAKojkXbME8b9xpYqPKBGQAH6p3r\n3nxj4T7FmCHPjEwkro8nhYmbeLKJN/7d5PkblIGwEmPhR1kRXn7EeaeXfETBO4yJ\nx5M7NN2w1PHJqZflVZK/+5rqAeYDRXtuU9EbaWU/QH498HntuO+AEtN7hpES4lpW\n1SzrNHM6xACFdt32HEnQQGlbfJYkSy/xc2J0iTiiwK4AVZ8PC4q42a4lIpX5Uo2+\nZCQPDaqi5yZpaQ6dpy5HzjJJ+aIuvqLqjr2QoPT3moru+X1daKH9UwUj1EZhVzaY\nwQ6XP0druIpr8/8XYRKEEydBZAWxmTN4Vun3UdO4nBOn4gCkJWTDJ3Wc9xtUtV0Y\ni8dYwjm8r8zD0CNDBo1zCzfFpT5m6iB8fynDmDNPr51qVsDGu1RXtmDPq+7mq1wL\n9oHElIJoc2YhO6JH8aKuLtfJ/ALhKp1G8ypeN+xAm+tzsY9TZjQPH1/ZfWvJyPpb\nZFryQLTSquzXVBWaAd4MZSD5RTY3mX59bCjbnIknveFzqe349LdUM/iWjbPGq8L7\nI9yEvdUPSINt3pYiBA6jDsRWgNDF/U77OQWoMoZ0iT6pTgxQdcJRIZ5aI7pCTxgQ\nzTlwQbWvbGbtr+9vOv8BEirmLViJUzq8Fru8AuVG6KPMcUGTPLPQWJeRfVsCAwEA\nAQKCAgEAgzdwR7wJCVMGsMZpAUDmIlEMGSZCTJyvVbMLawCKhlwYn8WooO5DDOHG\nt3xvBewUGgHI7M4bvzqsL7AtB0MoDrOMZAotISH42AVX+2CrR1os+Rb8meb27LnZ\nTMxKEy/mQC2BgewRj0fOFzn6Jc68Ook2K0iBBwESqCQYGaLTDt8feAqy8cVXL7kd\npUODnlqeCbndeKJqbZyLaG2fwwibb5Foq92aER3+YEoF+TwBg8f6weS0EbuTyU++\nfJvzN1692b1It1oZwmBNlvlL9ILjDFa9xYnYoqqY7VrsQVF0SKK+Nw7knaCqwED6\n8m1mtfKOOGinflbAvZr0KAnYn1GQB4FwDAj6gsl+Sj093+NxdqkLbsbGAInHvYCQ\nfUaVNYAlWmdIirRhTI2bQARWbIG4Vcxp1kynhfH/UMLdxVVEMQ8Agcn5t30rA9Mn\not3Nb0621PJ08iFu5kYMMBm8wns0fnsiTuoQVmP1/BXoJK0s2/3JXm3v0gki5L6N\nEcKGihqFi4+5jFFWWHkTJg0HTSGrQLR1I4ijnIPVIR/x/08xHFDmjegpviSLGids\njNzU8F6YjE2uHJZC4YOclEcASy8hZOmUtMSMpnMVuE8NDXVaNRgI+bbZNtTDM90/\ngzMmG7c/1aMPyaM/6CNDgJaaM8ygN67zJzZV73Qk6fUEAdGiyWECggEBAMVgo3Me\nQ/obeFUrZ83l2j7g39T/aKQUe9J9PknOoEIDl86U8y27LBsb4koHDga8xjVnrIiv\nzkPjPcxiVGq75wLZRt/GvVPUer6ErGceEj0sXlQwDu6QaJHww0ytKQu5NBPRfPVt\nVN2XcKl4n4ozv4+3VH8q44ndotxPhfspIDD+bHyddw2rNXwN0QQEXDqRNJcl/RML\nMzX36APzQdUl9Cz05WDKkymH15gOMv2zAwqathwk+DetiHMaF4fCimkEQqXn37Ve\nbal2174zm4/kuiYGMMDyyuWZDZDtqCOfQduArgR2ZrUdi1PfltdBUVNPSTuFrMt+\ngjISTFt/b8YxMPECggEBAOEogday83SOntTAQO1oOuY1es3Abe7o4/BIqznMkorv\nXo57MQqtMZrbipDfDuUpv0PLBusLr6BhTuU6+iTekyeWlv0GXphl9B8lgdUdcI43\nn4RKZDJ1WqGXj+3tK/Z+42IGLAIInOiS0/S+qTD17NpQKxyR5uHPKpmtY9F6YE91\nymLJZ0RxT/YiCS3U8NC5LqadI+aqS9a6lLqDzo/b+DeYzjWKj9RZrJvcmkr86X2E\n1wX9G34/6KsoZZzHsO9qhEr6bPkPiLcApeSgL1+8NwKlS8WV7Pa152oDuL7aSH1+\nJTF1UVfFa/DfO/oqOmDFYiOzlvzkXwQ8YFvMo5n6kwsCggEBAJOOFWNgQu1dT+5M\nDsRMi4XqUytG7ZGMhqzrWH+Q6xmu2fRkQg/0F5sEk31IHOJIid0u7jsZQxhZb7+1\n2uoYIzFsAaIVT0C2XjTDtqc4QeZdnv9NFjye1K4V0csmwMK06AvQ1pwb6g/mwSDQ\nvmRxH0pvgcm35HcSrEgLY1xKeHhoG+5lQbWEQu3E3nckU1atayV8DuAHxXcZJ+ic\nGKEiSJK7WiesCaxIk5JnOxOSmjl5Q59yu+XT42g5H1Isy5CK0NB6sjFCsLS51bup\nlShTlB4NDrGQUMKoUw3/vW00B+XzIyTO5yWLOrevNXMir4uagGLxIibXIroQF+ln\nMcZ2y+ECggEAIxyaAs0tQgPrqOnCNkOGy9eTKvrTKeqPgS0T5pOMVrY1XKrBXxTb\nI3cRCL6AKCR2ey/yCD1uSehi0UR9Nbqv4ACP0y1nGwTrKOBEeuN4ZfUunwaq0WOT\nmpd0Dnpp3Kq08thbjIWjUnFzNDt3TvdK1FCkKHRoONaBoi1z33riAgIwaW9W90lk\nWtG79LW8SBBYwgrHSnVMFlRKVTuwvqZi8uiVX6wX+dlyHWwtc3w1PSm2Dm0GGI4G\nzooiLmzFntBRiQ+8ZqqRe1hShnCkcp17RqJYSpuytFZxnAqwiLKpk0hUrH3LDZDv\n4EQvqjdjmyusvjyHUzCZ0KNJs4caDC0TOQKCAQBy+KOMaSb/lC6LI8+n+43CQt3G\n1Sr32TT5v6nPUm3SJvU7W9wi3YBy1jBecQe3MHo2E2EmtitjOB+0QBE0D4VJfku7\n9oW+Q2MeMchr7Kb+4VsKAGcSp66EehGyGbvsC4yGSW77dS4ZUbaZKOnRaGfiUb8B\ntW7+0xxR9sn6hgUiU0/evt8pJElygFu9nSZggo+hih3XS1/Tq7nJd5BQ0HpnfOSn\n+2R5+4LV31cUF50BMMMIHEYdBnM8f9Rphd9lrY9DP0lXQGJRtjOJpAuROKbv9yub\nFcOhMo65fUJI3ratEcCRcSJwCNMq8g1iBfCU3D+x01mxaDJdW4bRZF9r4voF\n-----END RSA PRIVATE KEY-----\n"
            },
            "id": "istio-control/istio-sidecar-injector",
            "immutable": false,
            "metadata": [
              {
                "annotations": null,
                "generate_name": "",
                "generation": 0,
                "labels": null,
                "name": "istio-sidecar-injector",
                "namespace": "istio-control",
                "resource_version": "1455",
                "uid": "6baae3b7-4f7c-42bf-a3d5-3c0bb0fc1613"
              }
            ],
            "timeouts": null,
            "type": "Opaque",
            "wait_for_service_account_token": true
          },
          "sensitive_attributes": [
            [
              {
                "type": "get_attr",
                "value": "data"
              },
              {
                "type": "index",
                "value": {
                  "value": "key.pem",
                  "type": "string"
                }
              }
            ]
          ],
          "private": "eyJlMmJmYjczMC1lY2FhLTExZTYtOGY4OC0zNDM2M2JjN2M0YzAiOnsiY3JlYXRlIjo2MDAwMDAwMDAwMH19",
          "dependencies": [
            "data.google_client_config.default",
            "data.google_container_cluster.default",
            "data.local_file.firewall",
            "google_container_cluster.traffic-director-cluster",
            "null_resource.get_credentials",
            "null_resource.get_firewall_details",
            "null_resource.secret_ns_creation",
            "null_resource.update_firewall_rule",
            "tls_private_key.privatekey",
            "tls_self_signed_cert.cakey"
          ]
        }
      ]
    },
    {
      "mode": "managed",
      "type": "null_resource",
      "name": "deploy_kubernetes_service",
      "provider": "provider[\"registry.terraform.io/hashicorp/null\"]",
      "instances": [
        {
          "schema_version": 0,
          "attributes": {
            "id": "2190128813235464083",
            "triggers": null
          },
          "sensitive_attributes": [],
          "dependencies": [
            "data.google_client_config.default",
            "data.google_container_cluster.default",
            "data.local_file.firewall",
            "google_container_cluster.traffic-director-cluster",
            "kubernetes_secret.istio-sidecar-injector",
            "null_resource.deploy_sample_client",
            "null_resource.deploy_sidecar_injector",
            "null_resource.enable_sidecar_injector",
            "null_resource.get_credentials",
            "null_resource.get_firewall_details",
            "null_resource.secret_ns_creation",
            "null_resource.update_firewall_rule",
            "tls_private_key.privatekey",
            "tls_self_signed_cert.cakey"
          ]
        }
      ]
    },
    {
      "mode": "managed",
      "type": "null_resource",
      "name": "deploy_sample_client",
      "provider": "provider[\"registry.terraform.io/hashicorp/null\"]",
      "instances": [
        {
          "schema_version": 0,
          "attributes": {
            "id": "2492911627682984163",
            "triggers": null
          },
          "sensitive_attributes": [],
          "dependencies": [
            "data.google_client_config.default",
            "data.google_container_cluster.default",
            "data.local_file.firewall",
            "google_container_cluster.traffic-director-cluster",
            "kubernetes_secret.istio-sidecar-injector",
            "null_resource.deploy_sidecar_injector",
            "null_resource.enable_sidecar_injector",
            "null_resource.get_credentials",
            "null_resource.get_firewall_details",
            "null_resource.secret_ns_creation",
            "null_resource.update_firewall_rule",
            "tls_private_key.privatekey",
            "tls_self_signed_cert.cakey"
          ]
        }
      ]
    },
    {
      "mode": "managed",
      "type": "null_resource",
      "name": "deploy_sidecar_injector",
      "provider": "provider[\"registry.terraform.io/hashicorp/null\"]",
      "instances": [
        {
          "schema_version": 0,
          "attributes": {
            "id": "8780685756464632756",
            "triggers": null
          },
          "sensitive_attributes": [],
          "dependencies": [
            "data.google_client_config.default",
            "data.google_container_cluster.default",
            "data.local_file.firewall",
            "google_container_cluster.traffic-director-cluster",
            "kubernetes_secret.istio-sidecar-injector",
            "null_resource.get_credentials",
            "null_resource.get_firewall_details",
            "null_resource.secret_ns_creation",
            "null_resource.update_firewall_rule",
            "tls_private_key.privatekey",
            "tls_self_signed_cert.cakey"
          ]
        }
      ]
    },
    {
      "mode": "managed",
      "type": "null_resource",
      "name": "enable_sidecar_injector",
      "provider": "provider[\"registry.terraform.io/hashicorp/null\"]",
      "instances": [
        {
          "schema_version": 0,
          "attributes": {
            "id": "7559188560165092817",
            "triggers": null
          },
          "sensitive_attributes": [],
          "dependencies": [
            "data.google_client_config.default",
            "data.google_container_cluster.default",
            "data.local_file.firewall",
            "google_container_cluster.traffic-director-cluster",
            "kubernetes_secret.istio-sidecar-injector",
            "null_resource.deploy_sidecar_injector",
            "null_resource.get_credentials",
            "null_resource.get_firewall_details",
            "null_resource.secret_ns_creation",
            "null_resource.update_firewall_rule",
            "tls_private_key.privatekey",
            "tls_self_signed_cert.cakey"
          ]
        }
      ]
    },
    {
      "mode": "managed",
      "type": "null_resource",
      "name": "get_credentials",
      "provider": "provider[\"registry.terraform.io/hashicorp/null\"]",
      "instances": [
        {
          "schema_version": 0,
          "attributes": {
            "id": "5792562047598128022",
            "triggers": null
          },
          "sensitive_attributes": [],
          "dependencies": [
            "google_container_cluster.traffic-director-cluster"
          ]
        }
      ]
    },
    {
      "mode": "managed",
      "type": "null_resource",
      "name": "get_firewall_details",
      "provider": "provider[\"registry.terraform.io/hashicorp/null\"]",
      "instances": [
        {
          "schema_version": 0,
          "attributes": {
            "id": "1740091142920113771",
            "triggers": null
          },
          "sensitive_attributes": [],
          "dependencies": [
            "google_container_cluster.traffic-director-cluster",
            "null_resource.get_credentials"
          ]
        }
      ]
    },
    {
      "mode": "managed",
      "type": "null_resource",
      "name": "replace_caBundle",
      "provider": "provider[\"registry.terraform.io/hashicorp/null\"]",
      "instances": [
        {
          "schema_version": 0,
          "attributes": {
            "id": "5686643694298704129",
            "triggers": null
          },
          "sensitive_attributes": [],
          "dependencies": [
            "data.local_file.firewall",
            "google_container_cluster.traffic-director-cluster",
            "null_resource.get_credentials",
            "null_resource.get_firewall_details",
            "null_resource.update_firewall_rule",
            "tls_private_key.privatekey",
            "tls_self_signed_cert.cakey"
          ]
        }
      ]
    },
    {
      "mode": "managed",
      "type": "null_resource",
      "name": "replace_network_value",
      "provider": "provider[\"registry.terraform.io/hashicorp/null\"]",
      "instances": [
        {
          "schema_version": 0,
          "attributes": {
            "id": "7689424751440994515",
            "triggers": null
          },
          "sensitive_attributes": [],
          "dependencies": [
            "null_resource.replace_project_number"
          ]
        }
      ]
    },
    {
      "mode": "managed",
      "type": "null_resource",
      "name": "replace_project_number",
      "provider": "provider[\"registry.terraform.io/hashicorp/null\"]",
      "instances": [
        {
          "schema_version": 0,
          "attributes": {
            "id": "2915731084007230952",
            "triggers": null
          },
          "sensitive_attributes": []
        }
      ]
    },
    {
      "mode": "managed",
      "type": "null_resource",
      "name": "secret_ns_creation",
      "provider": "provider[\"registry.terraform.io/hashicorp/null\"]",
      "instances": [
        {
          "schema_version": 0,
          "attributes": {
            "id": "311568404097715664",
            "triggers": null
          },
          "sensitive_attributes": [],
          "dependencies": [
            "data.local_file.firewall",
            "google_container_cluster.traffic-director-cluster",
            "null_resource.get_credentials",
            "null_resource.get_firewall_details",
            "null_resource.update_firewall_rule",
            "tls_private_key.privatekey",
            "tls_self_signed_cert.cakey"
          ]
        }
      ]
    },
    {
      "mode": "managed",
      "type": "null_resource",
      "name": "update_firewall_rule",
      "provider": "provider[\"registry.terraform.io/hashicorp/null\"]",
      "instances": [
        {
          "schema_version": 0,
          "attributes": {
            "id": "3650759441138056858",
            "triggers": null
          },
          "sensitive_attributes": [],
          "dependencies": [
            "data.local_file.firewall",
            "google_container_cluster.traffic-director-cluster",
            "null_resource.get_credentials",
            "null_resource.get_firewall_details"
          ]
        }
      ]
    },
    {
      "mode": "managed",
      "type": "tls_private_key",
      "name": "privatekey",
      "provider": "provider[\"registry.terraform.io/hashicorp/tls\"]",
      "instances": [
        {
          "schema_version": 1,
          "attributes": {
            "algorithm": "RSA",
            "ecdsa_curve": "P224",
            "id": "426baed98ced5a1ca2fdf7e5adca1880a16b8842",
            "private_key_openssh": "-----BEGIN OPENSSH PRIVATE KEY-----\nb3BlbnNzaC1rZXktdjEAAAAABG5vbmUAAAAEbm9uZQAAAAAAAAABAAACFwAAAAdz\nc2gtcnNhAAAAAwEAAQAAAgEArZkq3PK1BCu4WhIwkNVzLAKojkXbME8b9xpYqPKB\nGQAH6p3r3nxj4T7FmCHPjEwkro8nhYmbeLKJN/7d5PkblIGwEmPhR1kRXn7EeaeX\nfETBO4yJx5M7NN2w1PHJqZflVZK/+5rqAeYDRXtuU9EbaWU/QH498HntuO+AEtN7\nhpES4lpW1SzrNHM6xACFdt32HEnQQGlbfJYkSy/xc2J0iTiiwK4AVZ8PC4q42a4l\nIpX5Uo2+ZCQPDaqi5yZpaQ6dpy5HzjJJ+aIuvqLqjr2QoPT3moru+X1daKH9UwUj\n1EZhVzaYwQ6XP0druIpr8/8XYRKEEydBZAWxmTN4Vun3UdO4nBOn4gCkJWTDJ3Wc\n9xtUtV0Yi8dYwjm8r8zD0CNDBo1zCzfFpT5m6iB8fynDmDNPr51qVsDGu1RXtmDP\nq+7mq1wL9oHElIJoc2YhO6JH8aKuLtfJ/ALhKp1G8ypeN+xAm+tzsY9TZjQPH1/Z\nfWvJyPpbZFryQLTSquzXVBWaAd4MZSD5RTY3mX59bCjbnIknveFzqe349LdUM/iW\njbPGq8L7I9yEvdUPSINt3pYiBA6jDsRWgNDF/U77OQWoMoZ0iT6pTgxQdcJRIZ5a\nI7pCTxgQzTlwQbWvbGbtr+9vOv8BEirmLViJUzq8Fru8AuVG6KPMcUGTPLPQWJeR\nfVsAAAc4S78x5ku/MeYAAAAHc3NoLXJzYQAAAgEArZkq3PK1BCu4WhIwkNVzLAKo\njkXbME8b9xpYqPKBGQAH6p3r3nxj4T7FmCHPjEwkro8nhYmbeLKJN/7d5PkblIGw\nEmPhR1kRXn7EeaeXfETBO4yJx5M7NN2w1PHJqZflVZK/+5rqAeYDRXtuU9EbaWU/\nQH498HntuO+AEtN7hpES4lpW1SzrNHM6xACFdt32HEnQQGlbfJYkSy/xc2J0iTii\nwK4AVZ8PC4q42a4lIpX5Uo2+ZCQPDaqi5yZpaQ6dpy5HzjJJ+aIuvqLqjr2QoPT3\nmoru+X1daKH9UwUj1EZhVzaYwQ6XP0druIpr8/8XYRKEEydBZAWxmTN4Vun3UdO4\nnBOn4gCkJWTDJ3Wc9xtUtV0Yi8dYwjm8r8zD0CNDBo1zCzfFpT5m6iB8fynDmDNP\nr51qVsDGu1RXtmDPq+7mq1wL9oHElIJoc2YhO6JH8aKuLtfJ/ALhKp1G8ypeN+xA\nm+tzsY9TZjQPH1/ZfWvJyPpbZFryQLTSquzXVBWaAd4MZSD5RTY3mX59bCjbnIkn\nveFzqe349LdUM/iWjbPGq8L7I9yEvdUPSINt3pYiBA6jDsRWgNDF/U77OQWoMoZ0\niT6pTgxQdcJRIZ5aI7pCTxgQzTlwQbWvbGbtr+9vOv8BEirmLViJUzq8Fru8AuVG\n6KPMcUGTPLPQWJeRfVsAAAADAQABAAACAQCDN3BHvAkJUwawxmkBQOYiUQwZJkJM\nnK9VswtrAIqGXBifxaig7kMM4ca3fG8F7BQaAcjszhu/OqwvsC0HQygOs4xkCi0h\nIfjYBVf7YKtHWiz5FvyZ5vbsudlMzEoTL+ZALYGB7BGPR84XOfolzrw6iTYrSIEH\nARKoJBgZotMO3x94CrLxxVcvuR2lQ4OeWp4Jud14omptnItobZ/DCJtvkWir3ZoR\nHf5gSgX5PAGDx/rB5LQRu5PJT758m/M3Xr3ZvUi3WhnCYE2W+Uv0guMMVr3Fidii\nqpjtWuxBUXRIor43DuSdoKrAQPrybWa18o44aKd+VsC9mvQoCdifUZAHgXAMCPqC\nyX5KPT3f43F2qQtuxsYAice9gJB9RpU1gCVaZ0iKtGFMjZtABFZsgbhVzGnWTKeF\n8f9Qwt3FVUQxDwCByfm3fSsD0yei3c1vTrbU8nTyIW7mRgwwGbzCezR+eyJO6hBW\nY/X8FegkrSzb/clebe/SCSLkvo0RwoaKGoWLj7mMUVZYeRMmDQdNIatAtHUjiKOc\ng9UhH/H/TzEcUOaN6Cm+JIsaJ2yM3NTwXpiMTa4clkLhg5yURwBLLyFk6ZS0xIym\ncxW4Tw0NdVo1GAj5ttk21MMz3T+DMyYbtz/Vow/Joz/oI0OAlpozzKA3rvMnNlXv\ndCTp9QQB0aLJYQAAAQBy+KOMaSb/lC6LI8+n+43CQt3G1Sr32TT5v6nPUm3SJvU7\nW9wi3YBy1jBecQe3MHo2E2EmtitjOB+0QBE0D4VJfku79oW+Q2MeMchr7Kb+4VsK\nAGcSp66EehGyGbvsC4yGSW77dS4ZUbaZKOnRaGfiUb8BtW7+0xxR9sn6hgUiU0/e\nvt8pJElygFu9nSZggo+hih3XS1/Tq7nJd5BQ0HpnfOSn+2R5+4LV31cUF50BMMMI\nHEYdBnM8f9Rphd9lrY9DP0lXQGJRtjOJpAuROKbv9yubFcOhMo65fUJI3ratEcCR\ncSJwCNMq8g1iBfCU3D+x01mxaDJdW4bRZF9r4voFAAABAQDFYKNzHkP6G3hVK2fN\n5do+4N/U/2ikFHvSfT5JzqBCA5fOlPMtuywbG+JKBw4GvMY1Z6yIr85D4z3MYlRq\nu+cC2Ubfxr1T1Hq+hKxnHhI9LF5UMA7ukGiR8MNMrSkLuTQT0Xz1bVTdl3CpeJ+K\nM7+Pt1R/KuOJ3aLcT4X7KSAw/mx8nXcNqzV8DdEEBFw6kTSXJf0TCzM19+gD80HV\nJfQs9OVgypMph9eYDjL9swMKmrYcJPg3rYhzGheHwoppBEKl59+1Xm2pdte+M5uP\n5LomBjDA8srlmQ2Q7agjn0HbgK4Edma1HYtT35bXQVFTT0k7hazLfoIyEkxbf2/G\nMTDxAAABAQDhKIHWsvN0jp7UwEDtaDrmNXrNwG3u6OPwSKs5zJKK716OezEKrTGa\n24qQ3w7lKb9DywbrC6+gYU7lOvok3pMnlpb9Bl6YZfQfJYHVHXCON5+ESmQydVqh\nl4/t7Sv2fuNiBiwCCJzoktP0vqkw9ezaUCsckebhzyqZrWPRemBPdcpiyWdEcU/2\nIgkt1PDQuS6mnSPmqkvWupS6g86P2/g3mM41io/UWayb3JpK/Ol9hNcF/Rt+P+ir\nKGWcx7DvaoRK+mz5D4i3AKXkoC9fvDcCpUvFlez2tedqA7i+2kh9fiUxdVFXxWvw\n3zv6KjpgxWIjs5b85F8EPGBbzKOZ+pMLAAAAAAEC\n-----END OPENSSH PRIVATE KEY-----\n",
            "private_key_pem": "-----BEGIN RSA PRIVATE KEY-----\nMIIJKQIBAAKCAgEArZkq3PK1BCu4WhIwkNVzLAKojkXbME8b9xpYqPKBGQAH6p3r\n3nxj4T7FmCHPjEwkro8nhYmbeLKJN/7d5PkblIGwEmPhR1kRXn7EeaeXfETBO4yJ\nx5M7NN2w1PHJqZflVZK/+5rqAeYDRXtuU9EbaWU/QH498HntuO+AEtN7hpES4lpW\n1SzrNHM6xACFdt32HEnQQGlbfJYkSy/xc2J0iTiiwK4AVZ8PC4q42a4lIpX5Uo2+\nZCQPDaqi5yZpaQ6dpy5HzjJJ+aIuvqLqjr2QoPT3moru+X1daKH9UwUj1EZhVzaY\nwQ6XP0druIpr8/8XYRKEEydBZAWxmTN4Vun3UdO4nBOn4gCkJWTDJ3Wc9xtUtV0Y\ni8dYwjm8r8zD0CNDBo1zCzfFpT5m6iB8fynDmDNPr51qVsDGu1RXtmDPq+7mq1wL\n9oHElIJoc2YhO6JH8aKuLtfJ/ALhKp1G8ypeN+xAm+tzsY9TZjQPH1/ZfWvJyPpb\nZFryQLTSquzXVBWaAd4MZSD5RTY3mX59bCjbnIknveFzqe349LdUM/iWjbPGq8L7\nI9yEvdUPSINt3pYiBA6jDsRWgNDF/U77OQWoMoZ0iT6pTgxQdcJRIZ5aI7pCTxgQ\nzTlwQbWvbGbtr+9vOv8BEirmLViJUzq8Fru8AuVG6KPMcUGTPLPQWJeRfVsCAwEA\nAQKCAgEAgzdwR7wJCVMGsMZpAUDmIlEMGSZCTJyvVbMLawCKhlwYn8WooO5DDOHG\nt3xvBewUGgHI7M4bvzqsL7AtB0MoDrOMZAotISH42AVX+2CrR1os+Rb8meb27LnZ\nTMxKEy/mQC2BgewRj0fOFzn6Jc68Ook2K0iBBwESqCQYGaLTDt8feAqy8cVXL7kd\npUODnlqeCbndeKJqbZyLaG2fwwibb5Foq92aER3+YEoF+TwBg8f6weS0EbuTyU++\nfJvzN1692b1It1oZwmBNlvlL9ILjDFa9xYnYoqqY7VrsQVF0SKK+Nw7knaCqwED6\n8m1mtfKOOGinflbAvZr0KAnYn1GQB4FwDAj6gsl+Sj093+NxdqkLbsbGAInHvYCQ\nfUaVNYAlWmdIirRhTI2bQARWbIG4Vcxp1kynhfH/UMLdxVVEMQ8Agcn5t30rA9Mn\not3Nb0621PJ08iFu5kYMMBm8wns0fnsiTuoQVmP1/BXoJK0s2/3JXm3v0gki5L6N\nEcKGihqFi4+5jFFWWHkTJg0HTSGrQLR1I4ijnIPVIR/x/08xHFDmjegpviSLGids\njNzU8F6YjE2uHJZC4YOclEcASy8hZOmUtMSMpnMVuE8NDXVaNRgI+bbZNtTDM90/\ngzMmG7c/1aMPyaM/6CNDgJaaM8ygN67zJzZV73Qk6fUEAdGiyWECggEBAMVgo3Me\nQ/obeFUrZ83l2j7g39T/aKQUe9J9PknOoEIDl86U8y27LBsb4koHDga8xjVnrIiv\nzkPjPcxiVGq75wLZRt/GvVPUer6ErGceEj0sXlQwDu6QaJHww0ytKQu5NBPRfPVt\nVN2XcKl4n4ozv4+3VH8q44ndotxPhfspIDD+bHyddw2rNXwN0QQEXDqRNJcl/RML\nMzX36APzQdUl9Cz05WDKkymH15gOMv2zAwqathwk+DetiHMaF4fCimkEQqXn37Ve\nbal2174zm4/kuiYGMMDyyuWZDZDtqCOfQduArgR2ZrUdi1PfltdBUVNPSTuFrMt+\ngjISTFt/b8YxMPECggEBAOEogday83SOntTAQO1oOuY1es3Abe7o4/BIqznMkorv\nXo57MQqtMZrbipDfDuUpv0PLBusLr6BhTuU6+iTekyeWlv0GXphl9B8lgdUdcI43\nn4RKZDJ1WqGXj+3tK/Z+42IGLAIInOiS0/S+qTD17NpQKxyR5uHPKpmtY9F6YE91\nymLJZ0RxT/YiCS3U8NC5LqadI+aqS9a6lLqDzo/b+DeYzjWKj9RZrJvcmkr86X2E\n1wX9G34/6KsoZZzHsO9qhEr6bPkPiLcApeSgL1+8NwKlS8WV7Pa152oDuL7aSH1+\nJTF1UVfFa/DfO/oqOmDFYiOzlvzkXwQ8YFvMo5n6kwsCggEBAJOOFWNgQu1dT+5M\nDsRMi4XqUytG7ZGMhqzrWH+Q6xmu2fRkQg/0F5sEk31IHOJIid0u7jsZQxhZb7+1\n2uoYIzFsAaIVT0C2XjTDtqc4QeZdnv9NFjye1K4V0csmwMK06AvQ1pwb6g/mwSDQ\nvmRxH0pvgcm35HcSrEgLY1xKeHhoG+5lQbWEQu3E3nckU1atayV8DuAHxXcZJ+ic\nGKEiSJK7WiesCaxIk5JnOxOSmjl5Q59yu+XT42g5H1Isy5CK0NB6sjFCsLS51bup\nlShTlB4NDrGQUMKoUw3/vW00B+XzIyTO5yWLOrevNXMir4uagGLxIibXIroQF+ln\nMcZ2y+ECggEAIxyaAs0tQgPrqOnCNkOGy9eTKvrTKeqPgS0T5pOMVrY1XKrBXxTb\nI3cRCL6AKCR2ey/yCD1uSehi0UR9Nbqv4ACP0y1nGwTrKOBEeuN4ZfUunwaq0WOT\nmpd0Dnpp3Kq08thbjIWjUnFzNDt3TvdK1FCkKHRoONaBoi1z33riAgIwaW9W90lk\nWtG79LW8SBBYwgrHSnVMFlRKVTuwvqZi8uiVX6wX+dlyHWwtc3w1PSm2Dm0GGI4G\nzooiLmzFntBRiQ+8ZqqRe1hShnCkcp17RqJYSpuytFZxnAqwiLKpk0hUrH3LDZDv\n4EQvqjdjmyusvjyHUzCZ0KNJs4caDC0TOQKCAQBy+KOMaSb/lC6LI8+n+43CQt3G\n1Sr32TT5v6nPUm3SJvU7W9wi3YBy1jBecQe3MHo2E2EmtitjOB+0QBE0D4VJfku7\n9oW+Q2MeMchr7Kb+4VsKAGcSp66EehGyGbvsC4yGSW77dS4ZUbaZKOnRaGfiUb8B\ntW7+0xxR9sn6hgUiU0/evt8pJElygFu9nSZggo+hih3XS1/Tq7nJd5BQ0HpnfOSn\n+2R5+4LV31cUF50BMMMIHEYdBnM8f9Rphd9lrY9DP0lXQGJRtjOJpAuROKbv9yub\nFcOhMo65fUJI3ratEcCRcSJwCNMq8g1iBfCU3D+x01mxaDJdW4bRZF9r4voF\n-----END RSA PRIVATE KEY-----\n",
            "private_key_pem_pkcs8": "-----BEGIN PRIVATE KEY-----\nMIIJQwIBADANBgkqhkiG9w0BAQEFAASCCS0wggkpAgEAAoICAQCtmSrc8rUEK7ha\nEjCQ1XMsAqiORdswTxv3Glio8oEZAAfqnevefGPhPsWYIc+MTCSujyeFiZt4sok3\n/t3k+RuUgbASY+FHWRFefsR5p5d8RME7jInHkzs03bDU8cmpl+VVkr/7muoB5gNF\ne25T0RtpZT9Afj3wee2474AS03uGkRLiWlbVLOs0czrEAIV23fYcSdBAaVt8liRL\nL/FzYnSJOKLArgBVnw8LirjZriUilflSjb5kJA8NqqLnJmlpDp2nLkfOMkn5oi6+\nouqOvZCg9Peaiu75fV1oof1TBSPURmFXNpjBDpc/R2u4imvz/xdhEoQTJ0FkBbGZ\nM3hW6fdR07icE6fiAKQlZMMndZz3G1S1XRiLx1jCObyvzMPQI0MGjXMLN8WlPmbq\nIHx/KcOYM0+vnWpWwMa7VFe2YM+r7uarXAv2gcSUgmhzZiE7okfxoq4u18n8AuEq\nnUbzKl437ECb63Oxj1NmNA8fX9l9a8nI+ltkWvJAtNKq7NdUFZoB3gxlIPlFNjeZ\nfn1sKNuciSe94XOp7fj0t1Qz+JaNs8arwvsj3IS91Q9Ig23eliIEDqMOxFaA0MX9\nTvs5BagyhnSJPqlODFB1wlEhnlojukJPGBDNOXBBta9sZu2v7286/wESKuYtWIlT\nOrwWu7wC5Uboo8xxQZM8s9BYl5F9WwIDAQABAoICAQCDN3BHvAkJUwawxmkBQOYi\nUQwZJkJMnK9VswtrAIqGXBifxaig7kMM4ca3fG8F7BQaAcjszhu/OqwvsC0HQygO\ns4xkCi0hIfjYBVf7YKtHWiz5FvyZ5vbsudlMzEoTL+ZALYGB7BGPR84XOfolzrw6\niTYrSIEHARKoJBgZotMO3x94CrLxxVcvuR2lQ4OeWp4Jud14omptnItobZ/DCJtv\nkWir3ZoRHf5gSgX5PAGDx/rB5LQRu5PJT758m/M3Xr3ZvUi3WhnCYE2W+Uv0guMM\nVr3FidiiqpjtWuxBUXRIor43DuSdoKrAQPrybWa18o44aKd+VsC9mvQoCdifUZAH\ngXAMCPqCyX5KPT3f43F2qQtuxsYAice9gJB9RpU1gCVaZ0iKtGFMjZtABFZsgbhV\nzGnWTKeF8f9Qwt3FVUQxDwCByfm3fSsD0yei3c1vTrbU8nTyIW7mRgwwGbzCezR+\neyJO6hBWY/X8FegkrSzb/clebe/SCSLkvo0RwoaKGoWLj7mMUVZYeRMmDQdNIatA\ntHUjiKOcg9UhH/H/TzEcUOaN6Cm+JIsaJ2yM3NTwXpiMTa4clkLhg5yURwBLLyFk\n6ZS0xIymcxW4Tw0NdVo1GAj5ttk21MMz3T+DMyYbtz/Vow/Joz/oI0OAlpozzKA3\nrvMnNlXvdCTp9QQB0aLJYQKCAQEAxWCjcx5D+ht4VStnzeXaPuDf1P9opBR70n0+\nSc6gQgOXzpTzLbssGxviSgcOBrzGNWesiK/OQ+M9zGJUarvnAtlG38a9U9R6voSs\nZx4SPSxeVDAO7pBokfDDTK0pC7k0E9F89W1U3ZdwqXifijO/j7dUfyrjid2i3E+F\n+ykgMP5sfJ13Das1fA3RBARcOpE0lyX9EwszNffoA/NB1SX0LPTlYMqTKYfXmA4y\n/bMDCpq2HCT4N62IcxoXh8KKaQRCpefftV5tqXbXvjObj+S6JgYwwPLK5ZkNkO2o\nI59B24CuBHZmtR2LU9+W10FRU09JO4Wsy36CMhJMW39vxjEw8QKCAQEA4SiB1rLz\ndI6e1MBA7Wg65jV6zcBt7ujj8EirOcySiu9ejnsxCq0xmtuKkN8O5Sm/Q8sG6wuv\noGFO5Tr6JN6TJ5aW/QZemGX0HyWB1R1wjjefhEpkMnVaoZeP7e0r9n7jYgYsAgic\n6JLT9L6pMPXs2lArHJHm4c8qma1j0XpgT3XKYslnRHFP9iIJLdTw0Lkupp0j5qpL\n1rqUuoPOj9v4N5jONYqP1Fmsm9yaSvzpfYTXBf0bfj/oqyhlnMew72qESvps+Q+I\ntwCl5KAvX7w3AqVLxZXs9rXnagO4vtpIfX4lMXVRV8Vr8N87+io6YMViI7OW/ORf\nBDxgW8yjmfqTCwKCAQEAk44VY2BC7V1P7kwOxEyLhepTK0btkYyGrOtYf5DrGa7Z\n9GRCD/QXmwSTfUgc4kiJ3S7uOxlDGFlvv7Xa6hgjMWwBohVPQLZeNMO2pzhB5l2e\n/00WPJ7UrhXRyybAwrToC9DWnBvqD+bBINC+ZHEfSm+BybfkdxKsSAtjXEp4eGgb\n7mVBtYRC7cTedyRTVq1rJXwO4AfFdxkn6JwYoSJIkrtaJ6wJrEiTkmc7E5KaOXlD\nn3K75dPjaDkfUizLkIrQ0HqyMUKwtLnVu6mVKFOUHg0OsZBQwqhTDf+9bTQH5fMj\nJM7nJYs6t681cyKvi5qAYvEiJtciuhAX6WcxxnbL4QKCAQAjHJoCzS1CA+uo6cI2\nQ4bL15Mq+tMp6o+BLRPmk4xWtjVcqsFfFNsjdxEIvoAoJHZ7L/IIPW5J6GLRRH01\nuq/gAI/TLWcbBOso4ER643hl9S6fBqrRY5Oal3QOemncqrTy2FuMhaNScXM0O3dO\n90rUUKQodGg41oGiLXPfeuICAjBpb1b3SWRa0bv0tbxIEFjCCsdKdUwWVEpVO7C+\npmLy6JVfrBf52XIdbC1zfDU9KbYObQYYjgbOiiIubMWe0FGJD7xmqpF7WFKGcKRy\nnXtGolhKm7K0VnGcCrCIsqmTSFSsfcsNkO/gRC+qN2ObK6y+PIdTMJnQo0mzhxoM\nLRM5AoIBAHL4o4xpJv+ULosjz6f7jcJC3cbVKvfZNPm/qc9SbdIm9Ttb3CLdgHLW\nMF5xB7cwejYTYSa2K2M4H7RAETQPhUl+S7v2hb5DYx4xyGvspv7hWwoAZxKnroR6\nEbIZu+wLjIZJbvt1LhlRtpko6dFoZ+JRvwG1bv7THFH2yfqGBSJTT96+3ykkSXKA\nW72dJmCCj6GKHddLX9Orucl3kFDQemd85Kf7ZHn7gtXfVxQXnQEwwwgcRh0Gczx/\n1GmF32Wtj0M/SVdAYlG2M4mkC5E4pu/3K5sVw6Eyjrl9Qkjetq0RwJFxInAI0yry\nDWIF8JTcP7HTWbFoMl1bhtFkX2vi+gU=\n-----END PRIVATE KEY-----\n",
            "public_key_fingerprint_md5": "33:c8:f5:f2:15:b6:67:d8:da:b4:e8:85:cb:e3:48:e6",
            "public_key_fingerprint_sha256": "SHA256:9MpIylhgOA8noax2nvDaQhW8e1X2gtn2kgCjnKJ6XA0",
            "public_key_openssh": "ssh-rsa AAAAB3NzaC1yc2EAAAADAQABAAACAQCtmSrc8rUEK7haEjCQ1XMsAqiORdswTxv3Glio8oEZAAfqnevefGPhPsWYIc+MTCSujyeFiZt4sok3/t3k+RuUgbASY+FHWRFefsR5p5d8RME7jInHkzs03bDU8cmpl+VVkr/7muoB5gNFe25T0RtpZT9Afj3wee2474AS03uGkRLiWlbVLOs0czrEAIV23fYcSdBAaVt8liRLL/FzYnSJOKLArgBVnw8LirjZriUilflSjb5kJA8NqqLnJmlpDp2nLkfOMkn5oi6+ouqOvZCg9Peaiu75fV1oof1TBSPURmFXNpjBDpc/R2u4imvz/xdhEoQTJ0FkBbGZM3hW6fdR07icE6fiAKQlZMMndZz3G1S1XRiLx1jCObyvzMPQI0MGjXMLN8WlPmbqIHx/KcOYM0+vnWpWwMa7VFe2YM+r7uarXAv2gcSUgmhzZiE7okfxoq4u18n8AuEqnUbzKl437ECb63Oxj1NmNA8fX9l9a8nI+ltkWvJAtNKq7NdUFZoB3gxlIPlFNjeZfn1sKNuciSe94XOp7fj0t1Qz+JaNs8arwvsj3IS91Q9Ig23eliIEDqMOxFaA0MX9Tvs5BagyhnSJPqlODFB1wlEhnlojukJPGBDNOXBBta9sZu2v7286/wESKuYtWIlTOrwWu7wC5Uboo8xxQZM8s9BYl5F9Ww==\n",
            "public_key_pem": "-----BEGIN PUBLIC KEY-----\nMIICIjANBgkqhkiG9w0BAQEFAAOCAg8AMIICCgKCAgEArZkq3PK1BCu4WhIwkNVz\nLAKojkXbME8b9xpYqPKBGQAH6p3r3nxj4T7FmCHPjEwkro8nhYmbeLKJN/7d5Pkb\nlIGwEmPhR1kRXn7EeaeXfETBO4yJx5M7NN2w1PHJqZflVZK/+5rqAeYDRXtuU9Eb\naWU/QH498HntuO+AEtN7hpES4lpW1SzrNHM6xACFdt32HEnQQGlbfJYkSy/xc2J0\niTiiwK4AVZ8PC4q42a4lIpX5Uo2+ZCQPDaqi5yZpaQ6dpy5HzjJJ+aIuvqLqjr2Q\noPT3moru+X1daKH9UwUj1EZhVzaYwQ6XP0druIpr8/8XYRKEEydBZAWxmTN4Vun3\nUdO4nBOn4gCkJWTDJ3Wc9xtUtV0Yi8dYwjm8r8zD0CNDBo1zCzfFpT5m6iB8fynD\nmDNPr51qVsDGu1RXtmDPq+7mq1wL9oHElIJoc2YhO6JH8aKuLtfJ/ALhKp1G8ype\nN+xAm+tzsY9TZjQPH1/ZfWvJyPpbZFryQLTSquzXVBWaAd4MZSD5RTY3mX59bCjb\nnIknveFzqe349LdUM/iWjbPGq8L7I9yEvdUPSINt3pYiBA6jDsRWgNDF/U77OQWo\nMoZ0iT6pTgxQdcJRIZ5aI7pCTxgQzTlwQbWvbGbtr+9vOv8BEirmLViJUzq8Fru8\nAuVG6KPMcUGTPLPQWJeRfVsCAwEAAQ==\n-----END PUBLIC KEY-----\n",
            "rsa_bits": 4096
          },
          "sensitive_attributes": []
        }
      ]
    },
    {
      "mode": "managed",
      "type": "tls_self_signed_cert",
      "name": "cakey",
      "provider": "provider[\"registry.terraform.io/hashicorp/tls\"]",
      "instances": [
        {
          "schema_version": 0,
          "attributes": {
            "allowed_uses": [
              "key_encipherment",
              "digital_signature",
              "server_auth"
            ],
            "cert_pem": "-----BEGIN CERTIFICATE-----\nMIIFfjCCA2agAwIBAgIQfuGVuaKh4sWMyKi0S5CnqjANBgkqhkiG9w0BAQsFADAz\nMTEwLwYDVQQDEyhpc3Rpby1zaWRlY2FyLWluamVjdG9yLmlzdGlvLWNvbnRyb2wu\nc3ZjMB4XDTIzMDEwNjA5MDUxMVoXDTI0MDEwNjA5MDUxMVowMzExMC8GA1UEAxMo\naXN0aW8tc2lkZWNhci1pbmplY3Rvci5pc3Rpby1jb250cm9sLnN2YzCCAiIwDQYJ\nKoZIhvcNAQEBBQADggIPADCCAgoCggIBAK2ZKtzytQQruFoSMJDVcywCqI5F2zBP\nG/caWKjygRkAB+qd6958Y+E+xZghz4xMJK6PJ4WJm3iyiTf+3eT5G5SBsBJj4UdZ\nEV5+xHmnl3xEwTuMiceTOzTdsNTxyamX5VWSv/ua6gHmA0V7blPRG2llP0B+PfB5\n7bjvgBLTe4aREuJaVtUs6zRzOsQAhXbd9hxJ0EBpW3yWJEsv8XNidIk4osCuAFWf\nDwuKuNmuJSKV+VKNvmQkDw2qoucmaWkOnacuR84ySfmiLr6i6o69kKD095qK7vl9\nXWih/VMFI9RGYVc2mMEOlz9Ha7iKa/P/F2EShBMnQWQFsZkzeFbp91HTuJwTp+IA\npCVkwyd1nPcbVLVdGIvHWMI5vK/Mw9AjQwaNcws3xaU+ZuogfH8pw5gzT6+dalbA\nxrtUV7Zgz6vu5qtcC/aBxJSCaHNmITuiR/Giri7XyfwC4SqdRvMqXjfsQJvrc7GP\nU2Y0Dx9f2X1rycj6W2Ra8kC00qrs11QVmgHeDGUg+UU2N5l+fWwo25yJJ73hc6nt\n+PS3VDP4lo2zxqvC+yPchL3VD0iDbd6WIgQOow7EVoDQxf1O+zkFqDKGdIk+qU4M\nUHXCUSGeWiO6Qk8YEM05cEG1r2xm7a/vbzr/ARIq5i1YiVM6vBa7vALlRuijzHFB\nkzyz0FiXkX1bAgMBAAGjgY0wgYowDgYDVR0PAQH/BAQDAgWgMBMGA1UdJQQMMAoG\nCCsGAQUFBwMBMA8GA1UdEwEB/wQFMAMBAf8wHQYDVR0OBBYEFIP5FpVX/Lj1/Bk4\nd1rufFxg1lWRMDMGA1UdEQQsMCqCKGlzdGlvLXNpZGVjYXItaW5qZWN0b3IuaXN0\naW8tY29udHJvbC5zdmMwDQYJKoZIhvcNAQELBQADggIBAIxrPUd5sURASAe0KUPI\nSwDPPj+8q6iN3LXFCbMuPb+BC2gnu5RHgFflBWexHBbLuCwF8KffOfv453gOwSnD\nfhglObMhEVudDR9619aSPvPoJdaZju17g1mrk2TCZrUcQ7uG/b6vQC6B2IjRZHbc\nDfqVVgZpm2UZ8i+q3qh1zeVxlc1tUfh/EBNMtOo3c94WIjWuF5de8Tvyp18/djzU\nzPr+Xe9gqD/CqbjxhIiUMTkDxd9arg4hYDGB6287JXl89izEcqTlZ7+vM2zgu1Ha\ny6ILHDmSKZw/nOkQz19SRcPQtQEqurnUz59tQmqvE1TgxSpmwUIUQYmEfVtZXcCX\nfKRZKwGDg/Q/oaBp2yaYt/cE81FQVJCUZkrPrveDjhBLLcT5J48f5+pqgB5j6n+r\nbfaLb758e8A/UNMWCCXEdl72Kky8fhkW8vIgNu/8Q7+43FTbBdNAyMV6FrtVs69I\nZbeCGs19Jp1f+cIRedtz6njOEgJrRW3C2Uk3Rf4WwmrPfIMFMwUMt4ZMj1x9iUkt\n8QU3uFAOt+QPLkHk82tnPXCN6J1wdg1XLZTgrXlQWVPcInK1O4REyVRfrEYHcDcD\nIfgSeeDR8gL0OEJdS4jmXiEKvt2b8iud3g6yzGZePu5QI/pgc9EBp7Wyj2uQFRnu\ncV+SvZOmmfK/16Zfg5N6EKBo\n-----END CERTIFICATE-----\n",
            "dns_names": [
              "istio-sidecar-injector.istio-control.svc"
            ],
            "early_renewal_hours": 0,
            "id": "168654031048643024987088785359579948970",
            "ip_addresses": null,
            "is_ca_certificate": true,
            "key_algorithm": "RSA",
            "private_key_pem": "-----BEGIN RSA PRIVATE KEY-----\nMIIJKQIBAAKCAgEArZkq3PK1BCu4WhIwkNVzLAKojkXbME8b9xpYqPKBGQAH6p3r\n3nxj4T7FmCHPjEwkro8nhYmbeLKJN/7d5PkblIGwEmPhR1kRXn7EeaeXfETBO4yJ\nx5M7NN2w1PHJqZflVZK/+5rqAeYDRXtuU9EbaWU/QH498HntuO+AEtN7hpES4lpW\n1SzrNHM6xACFdt32HEnQQGlbfJYkSy/xc2J0iTiiwK4AVZ8PC4q42a4lIpX5Uo2+\nZCQPDaqi5yZpaQ6dpy5HzjJJ+aIuvqLqjr2QoPT3moru+X1daKH9UwUj1EZhVzaY\nwQ6XP0druIpr8/8XYRKEEydBZAWxmTN4Vun3UdO4nBOn4gCkJWTDJ3Wc9xtUtV0Y\ni8dYwjm8r8zD0CNDBo1zCzfFpT5m6iB8fynDmDNPr51qVsDGu1RXtmDPq+7mq1wL\n9oHElIJoc2YhO6JH8aKuLtfJ/ALhKp1G8ypeN+xAm+tzsY9TZjQPH1/ZfWvJyPpb\nZFryQLTSquzXVBWaAd4MZSD5RTY3mX59bCjbnIknveFzqe349LdUM/iWjbPGq8L7\nI9yEvdUPSINt3pYiBA6jDsRWgNDF/U77OQWoMoZ0iT6pTgxQdcJRIZ5aI7pCTxgQ\nzTlwQbWvbGbtr+9vOv8BEirmLViJUzq8Fru8AuVG6KPMcUGTPLPQWJeRfVsCAwEA\nAQKCAgEAgzdwR7wJCVMGsMZpAUDmIlEMGSZCTJyvVbMLawCKhlwYn8WooO5DDOHG\nt3xvBewUGgHI7M4bvzqsL7AtB0MoDrOMZAotISH42AVX+2CrR1os+Rb8meb27LnZ\nTMxKEy/mQC2BgewRj0fOFzn6Jc68Ook2K0iBBwESqCQYGaLTDt8feAqy8cVXL7kd\npUODnlqeCbndeKJqbZyLaG2fwwibb5Foq92aER3+YEoF+TwBg8f6weS0EbuTyU++\nfJvzN1692b1It1oZwmBNlvlL9ILjDFa9xYnYoqqY7VrsQVF0SKK+Nw7knaCqwED6\n8m1mtfKOOGinflbAvZr0KAnYn1GQB4FwDAj6gsl+Sj093+NxdqkLbsbGAInHvYCQ\nfUaVNYAlWmdIirRhTI2bQARWbIG4Vcxp1kynhfH/UMLdxVVEMQ8Agcn5t30rA9Mn\not3Nb0621PJ08iFu5kYMMBm8wns0fnsiTuoQVmP1/BXoJK0s2/3JXm3v0gki5L6N\nEcKGihqFi4+5jFFWWHkTJg0HTSGrQLR1I4ijnIPVIR/x/08xHFDmjegpviSLGids\njNzU8F6YjE2uHJZC4YOclEcASy8hZOmUtMSMpnMVuE8NDXVaNRgI+bbZNtTDM90/\ngzMmG7c/1aMPyaM/6CNDgJaaM8ygN67zJzZV73Qk6fUEAdGiyWECggEBAMVgo3Me\nQ/obeFUrZ83l2j7g39T/aKQUe9J9PknOoEIDl86U8y27LBsb4koHDga8xjVnrIiv\nzkPjPcxiVGq75wLZRt/GvVPUer6ErGceEj0sXlQwDu6QaJHww0ytKQu5NBPRfPVt\nVN2XcKl4n4ozv4+3VH8q44ndotxPhfspIDD+bHyddw2rNXwN0QQEXDqRNJcl/RML\nMzX36APzQdUl9Cz05WDKkymH15gOMv2zAwqathwk+DetiHMaF4fCimkEQqXn37Ve\nbal2174zm4/kuiYGMMDyyuWZDZDtqCOfQduArgR2ZrUdi1PfltdBUVNPSTuFrMt+\ngjISTFt/b8YxMPECggEBAOEogday83SOntTAQO1oOuY1es3Abe7o4/BIqznMkorv\nXo57MQqtMZrbipDfDuUpv0PLBusLr6BhTuU6+iTekyeWlv0GXphl9B8lgdUdcI43\nn4RKZDJ1WqGXj+3tK/Z+42IGLAIInOiS0/S+qTD17NpQKxyR5uHPKpmtY9F6YE91\nymLJZ0RxT/YiCS3U8NC5LqadI+aqS9a6lLqDzo/b+DeYzjWKj9RZrJvcmkr86X2E\n1wX9G34/6KsoZZzHsO9qhEr6bPkPiLcApeSgL1+8NwKlS8WV7Pa152oDuL7aSH1+\nJTF1UVfFa/DfO/oqOmDFYiOzlvzkXwQ8YFvMo5n6kwsCggEBAJOOFWNgQu1dT+5M\nDsRMi4XqUytG7ZGMhqzrWH+Q6xmu2fRkQg/0F5sEk31IHOJIid0u7jsZQxhZb7+1\n2uoYIzFsAaIVT0C2XjTDtqc4QeZdnv9NFjye1K4V0csmwMK06AvQ1pwb6g/mwSDQ\nvmRxH0pvgcm35HcSrEgLY1xKeHhoG+5lQbWEQu3E3nckU1atayV8DuAHxXcZJ+ic\nGKEiSJK7WiesCaxIk5JnOxOSmjl5Q59yu+XT42g5H1Isy5CK0NB6sjFCsLS51bup\nlShTlB4NDrGQUMKoUw3/vW00B+XzIyTO5yWLOrevNXMir4uagGLxIibXIroQF+ln\nMcZ2y+ECggEAIxyaAs0tQgPrqOnCNkOGy9eTKvrTKeqPgS0T5pOMVrY1XKrBXxTb\nI3cRCL6AKCR2ey/yCD1uSehi0UR9Nbqv4ACP0y1nGwTrKOBEeuN4ZfUunwaq0WOT\nmpd0Dnpp3Kq08thbjIWjUnFzNDt3TvdK1FCkKHRoONaBoi1z33riAgIwaW9W90lk\nWtG79LW8SBBYwgrHSnVMFlRKVTuwvqZi8uiVX6wX+dlyHWwtc3w1PSm2Dm0GGI4G\nzooiLmzFntBRiQ+8ZqqRe1hShnCkcp17RqJYSpuytFZxnAqwiLKpk0hUrH3LDZDv\n4EQvqjdjmyusvjyHUzCZ0KNJs4caDC0TOQKCAQBy+KOMaSb/lC6LI8+n+43CQt3G\n1Sr32TT5v6nPUm3SJvU7W9wi3YBy1jBecQe3MHo2E2EmtitjOB+0QBE0D4VJfku7\n9oW+Q2MeMchr7Kb+4VsKAGcSp66EehGyGbvsC4yGSW77dS4ZUbaZKOnRaGfiUb8B\ntW7+0xxR9sn6hgUiU0/evt8pJElygFu9nSZggo+hih3XS1/Tq7nJd5BQ0HpnfOSn\n+2R5+4LV31cUF50BMMMIHEYdBnM8f9Rphd9lrY9DP0lXQGJRtjOJpAuROKbv9yub\nFcOhMo65fUJI3ratEcCRcSJwCNMq8g1iBfCU3D+x01mxaDJdW4bRZF9r4voF\n-----END RSA PRIVATE KEY-----\n",
            "ready_for_renewal": false,
            "set_authority_key_id": false,
            "set_subject_key_id": false,
            "subject": [
              {
                "common_name": "istio-sidecar-injector.istio-control.svc",
                "country": null,
                "locality": null,
                "organization": null,
                "organizational_unit": null,
                "postal_code": null,
                "province": null,
                "serial_number": null,
                "street_address": null
              }
            ],
            "uris": null,
            "validity_end_time": "2024-01-06T14:35:11.324441+05:30",
            "validity_period_hours": 8760,
            "validity_start_time": "2023-01-06T14:35:11.324441+05:30"
          },
          "sensitive_attributes": [
            [
              {
                "type": "get_attr",
                "value": "private_key_pem"
              }
            ]
          ],
          "dependencies": [
            "data.local_file.firewall",
            "google_container_cluster.traffic-director-cluster",
            "null_resource.get_credentials",
            "null_resource.get_firewall_details",
            "null_resource.update_firewall_rule",
            "tls_private_key.privatekey"
          ]
        }
      ]
    }
  ],
  "check_results": null
}
